// !$*UTF8*$!
{
	archiveVersion = 1;
	classes = {
	};
	objectVersion = 77;
	objects = {

/* Begin PBXBuildFile section */
		80235CEF2F1A2D4800A4983B /* HealthKit.framework in Frameworks */ = {isa = PBXBuildFile; fileRef = 80235CEE2F1A2D4800A4983B /* HealthKit.framework */; };
		8025C5282EC26585004DECAA /* Supabase in Frameworks */ = {isa = PBXBuildFile; productRef = 8025C5272EC26585004DECAA /* Supabase */; };
		806715D02F37337700D6EAB4 /* WidgetKit.framework in Frameworks */ = {isa = PBXBuildFile; fileRef = 80D9BE9A2F1B936500CDF8DC /* WidgetKit.framework */; };
		806715D12F37337700D6EAB4 /* SwiftUI.framework in Frameworks */ = {isa = PBXBuildFile; fileRef = 80D9BE9C2F1B936500CDF8DC /* SwiftUI.framework */; };
		806715E22F37337800D6EAB4 /* AiQoWidgetExtension.appex in Embed Foundation Extensions */ = {isa = PBXBuildFile; fileRef = 806715CF2F37337700D6EAB4 /* AiQoWidgetExtension.appex */; settings = {ATTRIBUTES = (RemoveHeadersOnCopy, ); }; };
		80D81CCA2EF4D8FA0020C88D /* DeviceActivity.framework in Frameworks */ = {isa = PBXBuildFile; fileRef = 80D81CC92EF4D8FA0020C88D /* DeviceActivity.framework */; };
		80D81CD22EF4D8FA0020C88D /* AiQoMonitor.appex in Embed Foundation Extensions */ = {isa = PBXBuildFile; fileRef = 80D81CC82EF4D8FA0020C88D /* AiQoMonitor.appex */; settings = {ATTRIBUTES = (RemoveHeadersOnCopy, ); }; };
		80D81CDD2EF4D9230020C88D /* ManagedSettings.framework in Frameworks */ = {isa = PBXBuildFile; fileRef = 80D81CDC2EF4D9230020C88D /* ManagedSettings.framework */; };
		80D81CDF2EF4D9230020C88D /* ManagedSettingsUI.framework in Frameworks */ = {isa = PBXBuildFile; fileRef = 80D81CDE2EF4D9230020C88D /* ManagedSettingsUI.framework */; };
		80D81CE72EF4D9230020C88D /* AiQoShield.appex in Embed Foundation Extensions */ = {isa = PBXBuildFile; fileRef = 80D81CDB2EF4D9230020C88D /* AiQoShield.appex */; settings = {ATTRIBUTES = (RemoveHeadersOnCopy, ); }; };
		80D9BD9E2F1A7E0400CDF8DC /* AiQoWatch Watch App.app in Embed Watch Content */ = {isa = PBXBuildFile; fileRef = 80D9BD7E2F1A7E0300CDF8DC /* AiQoWatch Watch App.app */; settings = {ATTRIBUTES = (RemoveHeadersOnCopy, ); }; };
		80D9BE7C2F1B0A9400CDF8DC /* WatchConnectivity.framework in Frameworks */ = {isa = PBXBuildFile; fileRef = 80D9BE7B2F1B0A9400CDF8DC /* WatchConnectivity.framework */; };
		80D9BE9B2F1B936500CDF8DC /* WidgetKit.framework in Frameworks */ = {isa = PBXBuildFile; fileRef = 80D9BE9A2F1B936500CDF8DC /* WidgetKit.framework */; };
		80D9BE9D2F1B936500CDF8DC /* SwiftUI.framework in Frameworks */ = {isa = PBXBuildFile; fileRef = 80D9BE9C2F1B936500CDF8DC /* SwiftUI.framework */; };
		80E88B702F3BE7BC00EA7B74 /* SDWebImageSwiftUI in Frameworks */ = {isa = PBXBuildFile; productRef = 80E88B6F2F3BE7BC00EA7B74 /* SDWebImageSwiftUI */; };
		A1F000010000000000000001 /* AiQoWatchWidgetExtension.appex in Embed Foundation Extensions */ = {isa = PBXBuildFile; fileRef = A1F000010000000000000030 /* AiQoWatchWidgetExtension.appex */; settings = {ATTRIBUTES = (RemoveHeadersOnCopy, ); }; };
		A1F000010000000000000002 /* WidgetKit.framework in Frameworks */ = {isa = PBXBuildFile; fileRef = 80D9BE9A2F1B936500CDF8DC /* WidgetKit.framework */; };
		A1F000010000000000000003 /* SwiftUI.framework in Frameworks */ = {isa = PBXBuildFile; fileRef = 80D9BE9C2F1B936500CDF8DC /* SwiftUI.framework */; };
/* End PBXBuildFile section */

/* Begin PBXContainerItemProxy section */
		8025C4BF2EC25EB8004DECAA /* PBXContainerItemProxy */ = {
			isa = PBXContainerItemProxy;
			containerPortal = 8025C4A92EC25EB7004DECAA /* Project object */;
			proxyType = 1;
			remoteGlobalIDString = 8025C4B02EC25EB7004DECAA;
			remoteInfo = AiQo;
		};
		8025C4C92EC25EB8004DECAA /* PBXContainerItemProxy */ = {
			isa = PBXContainerItemProxy;
			containerPortal = 8025C4A92EC25EB7004DECAA /* Project object */;
			proxyType = 1;
			remoteGlobalIDString = 8025C4B02EC25EB7004DECAA;
			remoteInfo = AiQo;
		};
		806715E02F37337800D6EAB4 /* PBXContainerItemProxy */ = {
			isa = PBXContainerItemProxy;
			containerPortal = 8025C4A92EC25EB7004DECAA /* Project object */;
			proxyType = 1;
			remoteGlobalIDString = 806715CE2F37337700D6EAB4;
			remoteInfo = AiQoWidgetExtension;
		};
		80D81CD02EF4D8FA0020C88D /* PBXContainerItemProxy */ = {
			isa = PBXContainerItemProxy;
			containerPortal = 8025C4A92EC25EB7004DECAA /* Project object */;
			proxyType = 1;
			remoteGlobalIDString = 80D81CC72EF4D8FA0020C88D;
			remoteInfo = AiQoMonitor;
		};
		80D81CE52EF4D9230020C88D /* PBXContainerItemProxy */ = {
			isa = PBXContainerItemProxy;
			containerPortal = 8025C4A92EC25EB7004DECAA /* Project object */;
			proxyType = 1;
			remoteGlobalIDString = 80D81CDA2EF4D9230020C88D;
			remoteInfo = AiQoShield;
		};
		80D9BD8B2F1A7E0400CDF8DC /* PBXContainerItemProxy */ = {
			isa = PBXContainerItemProxy;
			containerPortal = 8025C4A92EC25EB7004DECAA /* Project object */;
			proxyType = 1;
			remoteGlobalIDString = 80D9BD7D2F1A7E0300CDF8DC;
			remoteInfo = "AiQoWatch Watch App";
		};
		80D9BD952F1A7E0400CDF8DC /* PBXContainerItemProxy */ = {
			isa = PBXContainerItemProxy;
			containerPortal = 8025C4A92EC25EB7004DECAA /* Project object */;
			proxyType = 1;
			remoteGlobalIDString = 80D9BD7D2F1A7E0300CDF8DC;
			remoteInfo = "AiQoWatch Watch App";
		};
		80D9BD9C2F1A7E0400CDF8DC /* PBXContainerItemProxy */ = {
			isa = PBXContainerItemProxy;
			containerPortal = 8025C4A92EC25EB7004DECAA /* Project object */;
			proxyType = 1;
			remoteGlobalIDString = 80D9BD7D2F1A7E0300CDF8DC;
			remoteInfo = "AiQoWatch Watch App";
		};
		A1F000010000000000000010 /* PBXContainerItemProxy */ = {
			isa = PBXContainerItemProxy;
			containerPortal = 8025C4A92EC25EB7004DECAA /* Project object */;
			proxyType = 1;
			remoteGlobalIDString = A1F000010000000000000070;
			remoteInfo = AiQoWatchWidgetExtension;
		};
/* End PBXContainerItemProxy section */

/* Begin PBXCopyFilesBuildPhase section */
		80234F5F2EEF4F7200F21DCF /* CopyFiles */ = {
			isa = PBXCopyFilesBuildPhase;
			buildActionMask = 2147483647;
			dstPath = "";
			dstSubfolderSpec = 7;
			files = (
			);
			runOnlyForDeploymentPostprocessing = 0;
		};
		806278932EE9653000AACF07 /* Embed Foundation Extensions */ = {
			isa = PBXCopyFilesBuildPhase;
			buildActionMask = 2147483647;
			dstPath = "";
			dstSubfolderSpec = 13;
			files = (
				806715E22F37337800D6EAB4 /* AiQoWidgetExtension.appex in Embed Foundation Extensions */,
				80D81CD22EF4D8FA0020C88D /* AiQoMonitor.appex in Embed Foundation Extensions */,
				80D81CE72EF4D9230020C88D /* AiQoShield.appex in Embed Foundation Extensions */,
			);
			name = "Embed Foundation Extensions";
			runOnlyForDeploymentPostprocessing = 0;
		};
		807341352F192F050006BE82 /* Embed Frameworks */ = {
			isa = PBXCopyFilesBuildPhase;
			buildActionMask = 2147483647;
			dstPath = "";
			dstSubfolderSpec = 10;
			files = (
			);
			name = "Embed Frameworks";
			runOnlyForDeploymentPostprocessing = 0;
		};
		80B1F6512EEFDB41009A810C /* Embed Watch Content */ = {
			isa = PBXCopyFilesBuildPhase;
			buildActionMask = 2147483647;
			dstPath = "$(CONTENTS_FOLDER_PATH)/Watch";
			dstSubfolderSpec = 16;
			files = (
				80D9BD9E2F1A7E0400CDF8DC /* AiQoWatch Watch App.app in Embed Watch Content */,
			);
			name = "Embed Watch Content";
			runOnlyForDeploymentPostprocessing = 0;
		};
		A1F000010000000000000020 /* Embed Foundation Extensions */ = {
			isa = PBXCopyFilesBuildPhase;
			buildActionMask = 2147483647;
			dstPath = "";
			dstSubfolderSpec = 13;
			files = (
				A1F000010000000000000001 /* AiQoWatchWidgetExtension.appex in Embed Foundation Extensions */,
			);
			name = "Embed Foundation Extensions";
			runOnlyForDeploymentPostprocessing = 0;
		};
/* End PBXCopyFilesBuildPhase section */

/* Begin PBXFileReference section */
		80235CB42F1A19E200A4983B /* LICENSE.txt */ = {isa = PBXFileReference; lastKnownFileType = text; path = LICENSE.txt; sourceTree = "<group>"; };
		80235CEC2F1A297A00A4983B /* HealthKit.framework */ = {isa = PBXFileReference; lastKnownFileType = wrapper.framework; name = HealthKit.framework; path = Platforms/WatchOS.platform/Developer/SDKs/WatchOS26.2.sdk/System/Library/Frameworks/HealthKit.framework; sourceTree = DEVELOPER_DIR; };
		80235CEE2F1A2D4800A4983B /* HealthKit.framework */ = {isa = PBXFileReference; lastKnownFileType = wrapper.framework; name = HealthKit.framework; path = Platforms/WatchOS.platform/Developer/SDKs/WatchOS8.0.sdk/System/Library/Frameworks/HealthKit.framework; sourceTree = DEVELOPER_DIR; };
		8025C4B12EC25EB7004DECAA /* AiQo.app */ = {isa = PBXFileReference; explicitFileType = wrapper.application; includeInIndex = 0; path = AiQo.app; sourceTree = BUILT_PRODUCTS_DIR; };
		8025C4BE2EC25EB8004DECAA /* AiQoTests.xctest */ = {isa = PBXFileReference; explicitFileType = wrapper.cfbundle; includeInIndex = 0; path = AiQoTests.xctest; sourceTree = BUILT_PRODUCTS_DIR; };
		8025C4C82EC25EB8004DECAA /* AiQoUITests.xctest */ = {isa = PBXFileReference; explicitFileType = wrapper.cfbundle; includeInIndex = 0; path = AiQoUITests.xctest; sourceTree = BUILT_PRODUCTS_DIR; };
		806715CF2F37337700D6EAB4 /* AiQoWidgetExtension.appex */ = {isa = PBXFileReference; explicitFileType = "wrapper.app-extension"; includeInIndex = 0; path = AiQoWidgetExtension.appex; sourceTree = BUILT_PRODUCTS_DIR; };
		806715F32F37367700D6EAB4 /* AiQoWidgetExtension.entitlements */ = {isa = PBXFileReference; lastKnownFileType = text.plist.entitlements; path = AiQoWidgetExtension.entitlements; sourceTree = "<group>"; };
		80D81CC82EF4D8FA0020C88D /* AiQoMonitor.appex */ = {isa = PBXFileReference; explicitFileType = "wrapper.app-extension"; includeInIndex = 0; path = AiQoMonitor.appex; sourceTree = BUILT_PRODUCTS_DIR; };
		80D81CC92EF4D8FA0020C88D /* DeviceActivity.framework */ = {isa = PBXFileReference; lastKnownFileType = wrapper.framework; name = DeviceActivity.framework; path = System/Library/Frameworks/DeviceActivity.framework; sourceTree = SDKROOT; };
		80D81CDB2EF4D9230020C88D /* AiQoShield.appex */ = {isa = PBXFileReference; explicitFileType = "wrapper.app-extension"; includeInIndex = 0; path = AiQoShield.appex; sourceTree = BUILT_PRODUCTS_DIR; };
		80D81CDC2EF4D9230020C88D /* ManagedSettings.framework */ = {isa = PBXFileReference; lastKnownFileType = wrapper.framework; name = ManagedSettings.framework; path = System/Library/Frameworks/ManagedSettings.framework; sourceTree = SDKROOT; };
		80D81CDE2EF4D9230020C88D /* ManagedSettingsUI.framework */ = {isa = PBXFileReference; lastKnownFileType = wrapper.framework; name = ManagedSettingsUI.framework; path = System/Library/Frameworks/ManagedSettingsUI.framework; sourceTree = SDKROOT; };
		80D9BD7E2F1A7E0300CDF8DC /* AiQoWatch Watch App.app */ = {isa = PBXFileReference; explicitFileType = wrapper.application; includeInIndex = 0; path = "AiQoWatch Watch App.app"; sourceTree = BUILT_PRODUCTS_DIR; };
		80D9BD8A2F1A7E0400CDF8DC /* AiQoWatch Watch AppTests.xctest */ = {isa = PBXFileReference; explicitFileType = wrapper.cfbundle; includeInIndex = 0; path = "AiQoWatch Watch AppTests.xctest"; sourceTree = BUILT_PRODUCTS_DIR; };
		80D9BD942F1A7E0400CDF8DC /* AiQoWatch Watch AppUITests.xctest */ = {isa = PBXFileReference; explicitFileType = wrapper.cfbundle; includeInIndex = 0; path = "AiQoWatch Watch AppUITests.xctest"; sourceTree = BUILT_PRODUCTS_DIR; };
		80D9BE7B2F1B0A9400CDF8DC /* WatchConnectivity.framework */ = {isa = PBXFileReference; lastKnownFileType = wrapper.framework; name = WatchConnectivity.framework; path = Platforms/WatchOS.platform/Developer/SDKs/WatchOS26.2.sdk/System/Library/Frameworks/WatchConnectivity.framework; sourceTree = DEVELOPER_DIR; };
		80D9BE992F1B936500CDF8DC /* AiQoWorkoutLiveAttributesExtension.appex */ = {isa = PBXFileReference; explicitFileType = "wrapper.app-extension"; includeInIndex = 0; path = AiQoWorkoutLiveAttributesExtension.appex; sourceTree = BUILT_PRODUCTS_DIR; };
		80D9BE9A2F1B936500CDF8DC /* WidgetKit.framework */ = {isa = PBXFileReference; lastKnownFileType = wrapper.framework; name = WidgetKit.framework; path = System/Library/Frameworks/WidgetKit.framework; sourceTree = SDKROOT; };
		80D9BE9C2F1B936500CDF8DC /* SwiftUI.framework */ = {isa = PBXFileReference; lastKnownFileType = wrapper.framework; name = SwiftUI.framework; path = System/Library/Frameworks/SwiftUI.framework; sourceTree = SDKROOT; };
		80E886E82F39140900EA7B74 /* Watch Widget Extension.appex */ = {isa = PBXFileReference; explicitFileType = "wrapper.extensionkit-extension"; includeInIndex = 0; path = "Watch Widget Extension.appex"; sourceTree = BUILT_PRODUCTS_DIR; };
		A1F000010000000000000030 /* AiQoWatchWidgetExtension.appex */ = {isa = PBXFileReference; explicitFileType = "wrapper.app-extension"; includeInIndex = 0; path = AiQoWatchWidgetExtension.appex; sourceTree = BUILT_PRODUCTS_DIR; };
/* End PBXFileReference section */

/* Begin PBXFileSystemSynchronizedBuildFileExceptionSet section */
		80234F5E2EEF43AF00F21DCF /* Exceptions for "AiQo" folder in "AiQo" target */ = {
			isa = PBXFileSystemSynchronizedBuildFileExceptionSet;
			membershipExceptions = (
				AiQoCore/AiQoCore.docc,
				Core/Utilities/ConnectivityDebugProviding.swift,
				Frameworks/SpotifyiOS.framework,
				Info.plist,
			);
			target = 8025C4B02EC25EB7004DECAA /* AiQo */;
		};
		80D81CD62EF4D8FA0020C88D /* Exceptions for "AiQoMonitor" folder in "AiQoMonitor" target */ = {
			isa = PBXFileSystemSynchronizedBuildFileExceptionSet;
			membershipExceptions = (
				Info.plist,
			);
			target = 80D81CC72EF4D8FA0020C88D /* AiQoMonitor */;
		};
		80D81CEB2EF4D9230020C88D /* Exceptions for "AiQoShield" folder in "AiQoShield" target */ = {
			isa = PBXFileSystemSynchronizedBuildFileExceptionSet;
			membershipExceptions = (
				Info.plist,
			);
			target = 80D81CDA2EF4D9230020C88D /* AiQoShield */;
		};
		80D81CF32EF4DE0D0020C88D /* Exceptions for "AiQo" folder in "AiQoMonitor" target */ = {
			isa = PBXFileSystemSynchronizedBuildFileExceptionSet;
			membershipExceptions = (
				AiQoActivityNames.swift,
				AppGroupKeys.swift,
			);
			target = 80D81CC72EF4D8FA0020C88D /* AiQoMonitor */;
		};
		80D9BDB52F1A86AA00CDF8DC /* Exceptions for "AiQo" folder in "AiQoWatch Watch App" target */ = {
			isa = PBXFileSystemSynchronizedBuildFileExceptionSet;
			membershipExceptions = (
				Shared/SharedModels.swift,
				watch/WCCommands.swift,
				watch/WCKeys.swift,
				XPCalculator.swift,
			);
			target = 80D9BD7D2F1A7E0300CDF8DC /* AiQoWatch Watch App */;
		};
		A1F000020000000000000001 /* Exceptions for "AiQoWidget" folder in "AiQoWidgetExtension" target */ = {
			isa = PBXFileSystemSynchronizedBuildFileExceptionSet;
			membershipExceptions = (
				Info.plist,
			);
			target = 806715CE2F37337700D6EAB4 /* AiQoWidgetExtension */;
		};
		A1F000020000000000000002 /* Exceptions for "AiQoWatchWidget" folder in "AiQoWatchWidgetExtension" target */ = {
			isa = PBXFileSystemSynchronizedBuildFileExceptionSet;
			membershipExceptions = (
				Info.plist,
			);
			target = A1F000010000000000000070 /* AiQoWatchWidgetExtension */;
		};
/* End PBXFileSystemSynchronizedBuildFileExceptionSet section */

/* Begin PBXFileSystemSynchronizedRootGroup section */
		80235CB12F1A19BE00A4983B /* Configuration */ = {
			isa = PBXFileSystemSynchronizedRootGroup;
			path = Configuration;
			sourceTree = "<group>";
		};
		8025C4B32EC25EB7004DECAA /* AiQo */ = {
			isa = PBXFileSystemSynchronizedRootGroup;
			exceptions = (
				80234F5E2EEF43AF00F21DCF /* Exceptions for "AiQo" folder in "AiQo" target */,
				80D81CF32EF4DE0D0020C88D /* Exceptions for "AiQo" folder in "AiQoMonitor" target */,
				80D9BDB52F1A86AA00CDF8DC /* Exceptions for "AiQo" folder in "AiQoWatch Watch App" target */,
			);
			path = AiQo;
			sourceTree = "<group>";
		};
		8025C4C12EC25EB8004DECAA /* AiQoTests */ = {
			isa = PBXFileSystemSynchronizedRootGroup;
			path = AiQoTests;
			sourceTree = "<group>";
		};
		8025C4CB2EC25EB8004DECAA /* AiQoUITests */ = {
			isa = PBXFileSystemSynchronizedRootGroup;
			path = AiQoUITests;
			sourceTree = "<group>";
		};
		806715D22F37337700D6EAB4 /* AiQoWidget */ = {
			isa = PBXFileSystemSynchronizedRootGroup;
			exceptions = (
				A1F000020000000000000001 /* Exceptions for "AiQoWidget" folder in "AiQoWidgetExtension" target */,
			);
			path = AiQoWidget;
			sourceTree = "<group>";
		};
		80D81CCB2EF4D8FA0020C88D /* AiQoMonitor */ = {
			isa = PBXFileSystemSynchronizedRootGroup;
			exceptions = (
				80D81CD62EF4D8FA0020C88D /* Exceptions for "AiQoMonitor" folder in "AiQoMonitor" target */,
			);
			path = AiQoMonitor;
			sourceTree = "<group>";
		};
		80D81CE02EF4D9230020C88D /* AiQoShield */ = {
			isa = PBXFileSystemSynchronizedRootGroup;
			exceptions = (
				80D81CEB2EF4D9230020C88D /* Exceptions for "AiQoShield" folder in "AiQoShield" target */,
			);
			path = AiQoShield;
			sourceTree = "<group>";
		};
		80D9BD7F2F1A7E0300CDF8DC /* AiQoWatch Watch App */ = {
			isa = PBXFileSystemSynchronizedRootGroup;
			path = "AiQoWatch Watch App";
			sourceTree = "<group>";
		};
		80D9BD8D2F1A7E0400CDF8DC /* AiQoWatch Watch AppTests */ = {
			isa = PBXFileSystemSynchronizedRootGroup;
			path = "AiQoWatch Watch AppTests";
			sourceTree = "<group>";
		};
		80D9BD972F1A7E0400CDF8DC /* AiQoWatch Watch AppUITests */ = {
			isa = PBXFileSystemSynchronizedRootGroup;
			path = "AiQoWatch Watch AppUITests";
			sourceTree = "<group>";
		};
		A1F000010000000000000050 /* AiQoWatchWidget */ = {
			isa = PBXFileSystemSynchronizedRootGroup;
			exceptions = (
				A1F000020000000000000002 /* Exceptions for "AiQoWatchWidget" folder in "AiQoWatchWidgetExtension" target */,
			);
			path = AiQoWatchWidget;
			sourceTree = "<group>";
		};
/* End PBXFileSystemSynchronizedRootGroup section */

/* Begin PBXFrameworksBuildPhase section */
		8025C4AE2EC25EB7004DECAA /* Frameworks */ = {
			isa = PBXFrameworksBuildPhase;
			buildActionMask = 2147483647;
			files = (
				80E88B702F3BE7BC00EA7B74 /* SDWebImageSwiftUI in Frameworks */,
				8025C5282EC26585004DECAA /* Supabase in Frameworks */,
			);
			runOnlyForDeploymentPostprocessing = 0;
		};
		8025C4BB2EC25EB7004DECAA /* Frameworks */ = {
			isa = PBXFrameworksBuildPhase;
			buildActionMask = 2147483647;
			files = (
			);
			runOnlyForDeploymentPostprocessing = 0;
		};
		8025C4C52EC25EB8004DECAA /* Frameworks */ = {
			isa = PBXFrameworksBuildPhase;
			buildActionMask = 2147483647;
			files = (
			);
			runOnlyForDeploymentPostprocessing = 0;
		};
		806715CC2F37337700D6EAB4 /* Frameworks */ = {
			isa = PBXFrameworksBuildPhase;
			buildActionMask = 2147483647;
			files = (
				806715D12F37337700D6EAB4 /* SwiftUI.framework in Frameworks */,
				806715D02F37337700D6EAB4 /* WidgetKit.framework in Frameworks */,
			);
			runOnlyForDeploymentPostprocessing = 0;
		};
		80D81CC52EF4D8FA0020C88D /* Frameworks */ = {
			isa = PBXFrameworksBuildPhase;
			buildActionMask = 2147483647;
			files = (
				80D81CCA2EF4D8FA0020C88D /* DeviceActivity.framework in Frameworks */,
			);
			runOnlyForDeploymentPostprocessing = 0;
		};
		80D81CD82EF4D9230020C88D /* Frameworks */ = {
			isa = PBXFrameworksBuildPhase;
			buildActionMask = 2147483647;
			files = (
				80235CEF2F1A2D4800A4983B /* HealthKit.framework in Frameworks */,
				80D81CDD2EF4D9230020C88D /* ManagedSettings.framework in Frameworks */,
				80D81CDF2EF4D9230020C88D /* ManagedSettingsUI.framework in Frameworks */,
			);
			runOnlyForDeploymentPostprocessing = 0;
		};
		80D9BD7B2F1A7E0300CDF8DC /* Frameworks */ = {
			isa = PBXFrameworksBuildPhase;
			buildActionMask = 2147483647;
			files = (
				80D9BE7C2F1B0A9400CDF8DC /* WatchConnectivity.framework in Frameworks */,
			);
			runOnlyForDeploymentPostprocessing = 0;
		};
		80D9BD872F1A7E0400CDF8DC /* Frameworks */ = {
			isa = PBXFrameworksBuildPhase;
			buildActionMask = 2147483647;
			files = (
			);
			runOnlyForDeploymentPostprocessing = 0;
		};
		80D9BD912F1A7E0400CDF8DC /* Frameworks */ = {
			isa = PBXFrameworksBuildPhase;
			buildActionMask = 2147483647;
			files = (
			);
			runOnlyForDeploymentPostprocessing = 0;
		};
		80D9BE962F1B936500CDF8DC /* Frameworks */ = {
			isa = PBXFrameworksBuildPhase;
			buildActionMask = 2147483647;
			files = (
				80D9BE9D2F1B936500CDF8DC /* SwiftUI.framework in Frameworks */,
				80D9BE9B2F1B936500CDF8DC /* WidgetKit.framework in Frameworks */,
			);
			runOnlyForDeploymentPostprocessing = 0;
		};
		A1F000010000000000000060 /* Frameworks */ = {
			isa = PBXFrameworksBuildPhase;
			buildActionMask = 2147483647;
			files = (
				A1F000010000000000000003 /* SwiftUI.framework in Frameworks */,
				A1F000010000000000000002 /* WidgetKit.framework in Frameworks */,
			);
			runOnlyForDeploymentPostprocessing = 0;
		};
/* End PBXFrameworksBuildPhase section */

/* Begin PBXGroup section */
		80235CB52F1A19E200A4983B /* LICENSE */ = {
			isa = PBXGroup;
			children = (
				8025C4B12EC25EB7004DECAA /* AiQo.app */,
				80235CB42F1A19E200A4983B /* LICENSE.txt */,
			);
			name = LICENSE;
			sourceTree = "<group>";
		};
		8025C4A82EC25EB7004DECAA = {
			isa = PBXGroup;
			children = (
				806715F32F37367700D6EAB4 /* AiQoWidgetExtension.entitlements */,
				8025C4B32EC25EB7004DECAA /* AiQo */,
				80D81CE02EF4D9230020C88D /* AiQoShield */,
				80D81CCB2EF4D8FA0020C88D /* AiQoMonitor */,
				8025C4C12EC25EB8004DECAA /* AiQoTests */,
				8025C4CB2EC25EB8004DECAA /* AiQoUITests */,
				80235CB52F1A19E200A4983B /* LICENSE */,
				80235CB12F1A19BE00A4983B /* Configuration */,
				80D9BD7F2F1A7E0300CDF8DC /* AiQoWatch Watch App */,
				80D9BD8D2F1A7E0400CDF8DC /* AiQoWatch Watch AppTests */,
				80D9BD972F1A7E0400CDF8DC /* AiQoWatch Watch AppUITests */,
				806715D22F37337700D6EAB4 /* AiQoWidget */,
				A1F000010000000000000050 /* AiQoWatchWidget */,
				80B1F64D2EEFDB41009A810C /* Frameworks */,
				8025C4B22EC25EB7004DECAA /* Products */,
				80D459992F1A381A00273328 /* Recovered References */,
			);
			sourceTree = "<group>";
		};
		8025C4B22EC25EB7004DECAA /* Products */ = {
			isa = PBXGroup;
			children = (
				8025C4BE2EC25EB8004DECAA /* AiQoTests.xctest */,
				8025C4C82EC25EB8004DECAA /* AiQoUITests.xctest */,
				80D81CC82EF4D8FA0020C88D /* AiQoMonitor.appex */,
				80D81CDB2EF4D9230020C88D /* AiQoShield.appex */,
				80D9BD7E2F1A7E0300CDF8DC /* AiQoWatch Watch App.app */,
				80D9BD8A2F1A7E0400CDF8DC /* AiQoWatch Watch AppTests.xctest */,
				80D9BD942F1A7E0400CDF8DC /* AiQoWatch Watch AppUITests.xctest */,
				80D9BE992F1B936500CDF8DC /* AiQoWorkoutLiveAttributesExtension.appex */,
				806715CF2F37337700D6EAB4 /* AiQoWidgetExtension.appex */,
				A1F000010000000000000030 /* AiQoWatchWidgetExtension.appex */,
				80E886E82F39140900EA7B74 /* Watch Widget Extension.appex */,
			);
			name = Products;
			sourceTree = "<group>";
		};
		80B1F64D2EEFDB41009A810C /* Frameworks */ = {
			isa = PBXGroup;
			children = (
				80D9BE7B2F1B0A9400CDF8DC /* WatchConnectivity.framework */,
				80235CEC2F1A297A00A4983B /* HealthKit.framework */,
				80235CEE2F1A2D4800A4983B /* HealthKit.framework */,
				80D81CC92EF4D8FA0020C88D /* DeviceActivity.framework */,
				80D81CDC2EF4D9230020C88D /* ManagedSettings.framework */,
				80D81CDE2EF4D9230020C88D /* ManagedSettingsUI.framework */,
				80D9BE9A2F1B936500CDF8DC /* WidgetKit.framework */,
				80D9BE9C2F1B936500CDF8DC /* SwiftUI.framework */,
			);
			name = Frameworks;
			sourceTree = "<group>";
		};
		80D459992F1A381A00273328 /* Recovered References */ = {
			isa = PBXGroup;
			children = (
			);
			name = "Recovered References";
			sourceTree = "<group>";
		};
/* End PBXGroup section */

/* Begin PBXNativeTarget section */
		8025C4B02EC25EB7004DECAA /* AiQo */ = {
			isa = PBXNativeTarget;
			buildConfigurationList = 8025C4D22EC25EB8004DECAA /* Build configuration list for PBXNativeTarget "AiQo" */;
			buildPhases = (
				8025C4AE2EC25EB7004DECAA /* Frameworks */,
				8025C4AF2EC25EB7004DECAA /* Resources */,
				806278932EE9653000AACF07 /* Embed Foundation Extensions */,
				80234F5F2EEF4F7200F21DCF /* CopyFiles */,
				80234F602EEF4F7B00F21DCF /* Sources */,
				80B1F6512EEFDB41009A810C /* Embed Watch Content */,
				807341352F192F050006BE82 /* Embed Frameworks */,
			);
			buildRules = (
			);
			dependencies = (
				80D81CD12EF4D8FA0020C88D /* PBXTargetDependency */,
				80D81CE62EF4D9230020C88D /* PBXTargetDependency */,
				80D9BD9D2F1A7E0400CDF8DC /* PBXTargetDependency */,
				806715E12F37337800D6EAB4 /* PBXTargetDependency */,
			);
			fileSystemSynchronizedGroups = (
				8025C4B32EC25EB7004DECAA /* AiQo */,
			);
			name = AiQo;
			packageProductDependencies = (
				8025C5272EC26585004DECAA /* Supabase */,
				80E88B6F2F3BE7BC00EA7B74 /* SDWebImageSwiftUI */,
			);
			productName = AiQo;
			productReference = 8025C4B12EC25EB7004DECAA /* AiQo.app */;
			productType = "com.apple.product-type.application";
		};
		8025C4BD2EC25EB7004DECAA /* AiQoTests */ = {
			isa = PBXNativeTarget;
			buildConfigurationList = 8025C4D52EC25EB8004DECAA /* Build configuration list for PBXNativeTarget "AiQoTests" */;
			buildPhases = (
				8025C4BA2EC25EB7004DECAA /* Sources */,
				8025C4BB2EC25EB7004DECAA /* Frameworks */,
				8025C4BC2EC25EB7004DECAA /* Resources */,
			);
			buildRules = (
			);
			dependencies = (
				8025C4C02EC25EB8004DECAA /* PBXTargetDependency */,
			);
			fileSystemSynchronizedGroups = (
				8025C4C12EC25EB8004DECAA /* AiQoTests */,
			);
			name = AiQoTests;
			packageProductDependencies = (
			);
			productName = AiQoTests;
			productReference = 8025C4BE2EC25EB8004DECAA /* AiQoTests.xctest */;
			productType = "com.apple.product-type.bundle.unit-test";
		};
		8025C4C72EC25EB8004DECAA /* AiQoUITests */ = {
			isa = PBXNativeTarget;
			buildConfigurationList = 8025C4D82EC25EB8004DECAA /* Build configuration list for PBXNativeTarget "AiQoUITests" */;
			buildPhases = (
				8025C4C42EC25EB8004DECAA /* Sources */,
				8025C4C52EC25EB8004DECAA /* Frameworks */,
				8025C4C62EC25EB8004DECAA /* Resources */,
			);
			buildRules = (
			);
			dependencies = (
				8025C4CA2EC25EB8004DECAA /* PBXTargetDependency */,
			);
			fileSystemSynchronizedGroups = (
				8025C4CB2EC25EB8004DECAA /* AiQoUITests */,
			);
			name = AiQoUITests;
			packageProductDependencies = (
			);
			productName = AiQoUITests;
			productReference = 8025C4C82EC25EB8004DECAA /* AiQoUITests.xctest */;
			productType = "com.apple.product-type.bundle.ui-testing";
		};
		806715CE2F37337700D6EAB4 /* AiQoWidgetExtension */ = {
			isa = PBXNativeTarget;
			buildConfigurationList = 806715E32F37337800D6EAB4 /* Build configuration list for PBXNativeTarget "AiQoWidgetExtension" */;
			buildPhases = (
				806715CB2F37337700D6EAB4 /* Sources */,
				806715CC2F37337700D6EAB4 /* Frameworks */,
				806715CD2F37337700D6EAB4 /* Resources */,
			);
			buildRules = (
			);
			dependencies = (
			);
			fileSystemSynchronizedGroups = (
				806715D22F37337700D6EAB4 /* AiQoWidget */,
			);
			name = AiQoWidgetExtension;
			packageProductDependencies = (
			);
			productName = AiQoWidgetExtension;
			productReference = 806715CF2F37337700D6EAB4 /* AiQoWidgetExtension.appex */;
			productType = "com.apple.product-type.app-extension";
		};
		80D81CC72EF4D8FA0020C88D /* AiQoMonitor */ = {
			isa = PBXNativeTarget;
			buildConfigurationList = 80D81CD32EF4D8FA0020C88D /* Build configuration list for PBXNativeTarget "AiQoMonitor" */;
			buildPhases = (
				80D81CC42EF4D8FA0020C88D /* Sources */,
				80D81CC52EF4D8FA0020C88D /* Frameworks */,
				80D81CC62EF4D8FA0020C88D /* Resources */,
			);
			buildRules = (
			);
			dependencies = (
			);
			fileSystemSynchronizedGroups = (
				80D81CCB2EF4D8FA0020C88D /* AiQoMonitor */,
			);
			name = AiQoMonitor;
			packageProductDependencies = (
			);
			productName = AiQoMonitor;
			productReference = 80D81CC82EF4D8FA0020C88D /* AiQoMonitor.appex */;
			productType = "com.apple.product-type.app-extension";
		};
		80D81CDA2EF4D9230020C88D /* AiQoShield */ = {
			isa = PBXNativeTarget;
			buildConfigurationList = 80D81CE82EF4D9230020C88D /* Build configuration list for PBXNativeTarget "AiQoShield" */;
			buildPhases = (
				80D81CD72EF4D9230020C88D /* Sources */,
				80D81CD82EF4D9230020C88D /* Frameworks */,
				80D81CD92EF4D9230020C88D /* Resources */,
			);
			buildRules = (
			);
			dependencies = (
			);
			fileSystemSynchronizedGroups = (
				80D81CE02EF4D9230020C88D /* AiQoShield */,
			);
			name = AiQoShield;
			packageProductDependencies = (
			);
			productName = AiQoShield;
			productReference = 80D81CDB2EF4D9230020C88D /* AiQoShield.appex */;
			productType = "com.apple.product-type.app-extension";
		};
		80D9BD7D2F1A7E0300CDF8DC /* AiQoWatch Watch App */ = {
			isa = PBXNativeTarget;
			buildConfigurationList = 80D9BD9F2F1A7E0400CDF8DC /* Build configuration list for PBXNativeTarget "AiQoWatch Watch App" */;
			buildPhases = (
				80D9BD7A2F1A7E0300CDF8DC /* Sources */,
				80D9BD7B2F1A7E0300CDF8DC /* Frameworks */,
				80D9BD7C2F1A7E0300CDF8DC /* Resources */,
				A1F000010000000000000020 /* Embed Foundation Extensions */,
			);
			buildRules = (
			);
			dependencies = (
				A1F000010000000000000080 /* PBXTargetDependency */,
			);
			fileSystemSynchronizedGroups = (
				80D9BD7F2F1A7E0300CDF8DC /* AiQoWatch Watch App */,
			);
			name = "AiQoWatch Watch App";
			packageProductDependencies = (
			);
			productName = "AiQoWatch Watch App";
			productReference = 80D9BD7E2F1A7E0300CDF8DC /* AiQoWatch Watch App.app */;
			productType = "com.apple.product-type.application";
		};
		80D9BD892F1A7E0400CDF8DC /* AiQoWatch Watch AppTests */ = {
			isa = PBXNativeTarget;
			buildConfigurationList = 80D9BDA22F1A7E0400CDF8DC /* Build configuration list for PBXNativeTarget "AiQoWatch Watch AppTests" */;
			buildPhases = (
				80D9BD862F1A7E0400CDF8DC /* Sources */,
				80D9BD872F1A7E0400CDF8DC /* Frameworks */,
				80D9BD882F1A7E0400CDF8DC /* Resources */,
			);
			buildRules = (
			);
			dependencies = (
				80D9BD8C2F1A7E0400CDF8DC /* PBXTargetDependency */,
			);
			fileSystemSynchronizedGroups = (
				80D9BD8D2F1A7E0400CDF8DC /* AiQoWatch Watch AppTests */,
			);
			name = "AiQoWatch Watch AppTests";
			packageProductDependencies = (
			);
			productName = "AiQoWatch Watch AppTests";
			productReference = 80D9BD8A2F1A7E0400CDF8DC /* AiQoWatch Watch AppTests.xctest */;
			productType = "com.apple.product-type.bundle.unit-test";
		};
		80D9BD932F1A7E0400CDF8DC /* AiQoWatch Watch AppUITests */ = {
			isa = PBXNativeTarget;
			buildConfigurationList = 80D9BDA52F1A7E0400CDF8DC /* Build configuration list for PBXNativeTarget "AiQoWatch Watch AppUITests" */;
			buildPhases = (
				80D9BD902F1A7E0400CDF8DC /* Sources */,
				80D9BD912F1A7E0400CDF8DC /* Frameworks */,
				80D9BD922F1A7E0400CDF8DC /* Resources */,
			);
			buildRules = (
			);
			dependencies = (
				80D9BD962F1A7E0400CDF8DC /* PBXTargetDependency */,
			);
			fileSystemSynchronizedGroups = (
				80D9BD972F1A7E0400CDF8DC /* AiQoWatch Watch AppUITests */,
			);
			name = "AiQoWatch Watch AppUITests";
			packageProductDependencies = (
			);
			productName = "AiQoWatch Watch AppUITests";
			productReference = 80D9BD942F1A7E0400CDF8DC /* AiQoWatch Watch AppUITests.xctest */;
			productType = "com.apple.product-type.bundle.ui-testing";
		};
		80D9BE982F1B936500CDF8DC /* AiQoWorkoutLiveAttributesExtension */ = {
			isa = PBXNativeTarget;
			buildConfigurationList = 80D9BEAD2F1B936600CDF8DC /* Build configuration list for PBXNativeTarget "AiQoWorkoutLiveAttributesExtension" */;
			buildPhases = (
				80D9BE952F1B936500CDF8DC /* Sources */,
				80D9BE962F1B936500CDF8DC /* Frameworks */,
				80D9BE972F1B936500CDF8DC /* Resources */,
			);
			buildRules = (
			);
			dependencies = (
			);
			name = AiQoWorkoutLiveAttributesExtension;
			packageProductDependencies = (
			);
			productName = AiQoWorkoutLiveAttributesExtension;
			productReference = 80D9BE992F1B936500CDF8DC /* AiQoWorkoutLiveAttributesExtension.appex */;
			productType = "com.apple.product-type.app-extension";
		};
		80E886E72F39140900EA7B74 /* Watch Widget Extension */ = {
			isa = PBXNativeTarget;
			buildConfigurationList = 80E886F32F39142500EA7B74 /* Build configuration list for PBXNativeTarget "Watch Widget Extension" */;
			buildPhases = (
				80E886E42F39140900EA7B74 /* Sources */,
				80E886E62F39140900EA7B74 /* Resources */,
			);
			buildRules = (
			);
			dependencies = (
			);
			name = "Watch Widget Extension";
			packageProductDependencies = (
				80E88B6D2F3BE76500EA7B74 /* SDWebImageSwiftUI */,
			);
			productName = "Watch Widget Extension";
			productReference = 80E886E82F39140900EA7B74 /* Watch Widget Extension.appex */;
			productType = "com.apple.product-type.extensionkit-extension";
		};
		A1F000010000000000000070 /* AiQoWatchWidgetExtension */ = {
			isa = PBXNativeTarget;
			buildConfigurationList = 80E886F32F39142500EA7B74 /* Build configuration list for PBXNativeTarget "Watch Widget Extension" */;
			buildPhases = (
				A1F000010000000000000062 /* Sources */,
				A1F000010000000000000060 /* Frameworks */,
				A1F000010000000000000061 /* Resources */,
			);
			buildRules = (
			);
			dependencies = (
			);
			fileSystemSynchronizedGroups = (
				A1F000010000000000000050 /* AiQoWatchWidget */,
			);
			name = AiQoWatchWidgetExtension;
			packageProductDependencies = (
			);
			productName = AiQoWatchWidgetExtension;
			productReference = A1F000010000000000000030 /* AiQoWatchWidgetExtension.appex */;
			productType = "com.apple.product-type.app-extension";
		};
/* End PBXNativeTarget section */

/* Begin PBXProject section */
		8025C4A92EC25EB7004DECAA /* Project object */ = {
			isa = PBXProject;
			attributes = {
				BuildIndependentTargetsInParallel = 1;
				LastSwiftUpdateCheck = 2630;
				LastUpgradeCheck = 2630;
				TargetAttributes = {
					8025C4B02EC25EB7004DECAA = {
						CreatedOnToolsVersion = 26.1;
					};
					8025C4BD2EC25EB7004DECAA = {
						CreatedOnToolsVersion = 26.1;
						TestTargetID = 8025C4B02EC25EB7004DECAA;
					};
					8025C4C72EC25EB8004DECAA = {
						CreatedOnToolsVersion = 26.1;
						TestTargetID = 8025C4B02EC25EB7004DECAA;
					};
					806715CE2F37337700D6EAB4 = {
						CreatedOnToolsVersion = 26.3;
					};
					80D81CC72EF4D8FA0020C88D = {
						CreatedOnToolsVersion = 26.2;
					};
					80D81CDA2EF4D9230020C88D = {
						CreatedOnToolsVersion = 26.2;
					};
					80D9BD7D2F1A7E0300CDF8DC = {
						CreatedOnToolsVersion = 26.2;
					};
					80D9BD892F1A7E0400CDF8DC = {
						CreatedOnToolsVersion = 26.2;
						TestTargetID = 80D9BD7D2F1A7E0300CDF8DC;
					};
					80D9BD932F1A7E0400CDF8DC = {
						CreatedOnToolsVersion = 26.2;
						TestTargetID = 80D9BD7D2F1A7E0300CDF8DC;
					};
					80D9BE982F1B936500CDF8DC = {
						CreatedOnToolsVersion = 26.2;
					};
					80E886E72F39140900EA7B74 = {
						CreatedOnToolsVersion = 26.3;
					};
					A1F000010000000000000070 = {
						CreatedOnToolsVersion = 26.3;
					};
				};
			};
			buildConfigurationList = 8025C4AC2EC25EB7004DECAA /* Build configuration list for PBXProject "AiQo" */;
			developmentRegion = en;
			hasScannedForEncodings = 0;
			knownRegions = (
				en,
				Base,
				ar,
			);
			mainGroup = 8025C4A82EC25EB7004DECAA;
			packageReferences = (
				8025C5252EC26574004DECAA /* XCRemoteSwiftPackageReference "supabase-swift" */,
				80E88B6C2F3BE66400EA7B74 /* XCRemoteSwiftPackageReference "SDWebImageSwiftUI" */,
			);
			preferredProjectObjectVersion = 77;
			productRefGroup = 8025C4B22EC25EB7004DECAA /* Products */;
			projectDirPath = "";
			projectRoot = "";
			targets = (
				8025C4B02EC25EB7004DECAA /* AiQo */,
				8025C4BD2EC25EB7004DECAA /* AiQoTests */,
				8025C4C72EC25EB8004DECAA /* AiQoUITests */,
				80D81CC72EF4D8FA0020C88D /* AiQoMonitor */,
				80D81CDA2EF4D9230020C88D /* AiQoShield */,
				80D9BD7D2F1A7E0300CDF8DC /* AiQoWatch Watch App */,
				A1F000010000000000000070 /* AiQoWatchWidgetExtension */,
				80D9BD892F1A7E0400CDF8DC /* AiQoWatch Watch AppTests */,
				80D9BD932F1A7E0400CDF8DC /* AiQoWatch Watch AppUITests */,
				80D9BE982F1B936500CDF8DC /* AiQoWorkoutLiveAttributesExtension */,
				806715CE2F37337700D6EAB4 /* AiQoWidgetExtension */,
				80E886E72F39140900EA7B74 /* Watch Widget Extension */,
			);
		};
/* End PBXProject section */

/* Begin PBXResourcesBuildPhase section */
		8025C4AF2EC25EB7004DECAA /* Resources */ = {
			isa = PBXResourcesBuildPhase;
			buildActionMask = 2147483647;
			files = (
			);
			runOnlyForDeploymentPostprocessing = 0;
		};
		8025C4BC2EC25EB7004DECAA /* Resources */ = {
			isa = PBXResourcesBuildPhase;
			buildActionMask = 2147483647;
			files = (
			);
			runOnlyForDeploymentPostprocessing = 0;
		};
		8025C4C62EC25EB8004DECAA /* Resources */ = {
			isa = PBXResourcesBuildPhase;
			buildActionMask = 2147483647;
			files = (
			);
			runOnlyForDeploymentPostprocessing = 0;
		};
		806715CD2F37337700D6EAB4 /* Resources */ = {
			isa = PBXResourcesBuildPhase;
			buildActionMask = 2147483647;
			files = (
			);
			runOnlyForDeploymentPostprocessing = 0;
		};
		80D81CC62EF4D8FA0020C88D /* Resources */ = {
			isa = PBXResourcesBuildPhase;
			buildActionMask = 2147483647;
			files = (
			);
			runOnlyForDeploymentPostprocessing = 0;
		};
		80D81CD92EF4D9230020C88D /* Resources */ = {
			isa = PBXResourcesBuildPhase;
			buildActionMask = 2147483647;
			files = (
			);
			runOnlyForDeploymentPostprocessing = 0;
		};
		80D9BD7C2F1A7E0300CDF8DC /* Resources */ = {
			isa = PBXResourcesBuildPhase;
			buildActionMask = 2147483647;
			files = (
			);
			runOnlyForDeploymentPostprocessing = 0;
		};
		80D9BD882F1A7E0400CDF8DC /* Resources */ = {
			isa = PBXResourcesBuildPhase;
			buildActionMask = 2147483647;
			files = (
			);
			runOnlyForDeploymentPostprocessing = 0;
		};
		80D9BD922F1A7E0400CDF8DC /* Resources */ = {
			isa = PBXResourcesBuildPhase;
			buildActionMask = 2147483647;
			files = (
			);
			runOnlyForDeploymentPostprocessing = 0;
		};
		80D9BE972F1B936500CDF8DC /* Resources */ = {
			isa = PBXResourcesBuildPhase;
			buildActionMask = 2147483647;
			files = (
			);
			runOnlyForDeploymentPostprocessing = 0;
		};
		80E886E62F39140900EA7B74 /* Resources */ = {
			isa = PBXResourcesBuildPhase;
			buildActionMask = 2147483647;
			files = (
			);
			runOnlyForDeploymentPostprocessing = 0;
		};
		A1F000010000000000000061 /* Resources */ = {
			isa = PBXResourcesBuildPhase;
			buildActionMask = 2147483647;
			files = (
			);
			runOnlyForDeploymentPostprocessing = 0;
		};
/* End PBXResourcesBuildPhase section */

/* Begin PBXSourcesBuildPhase section */
		80234F602EEF4F7B00F21DCF /* Sources */ = {
			isa = PBXSourcesBuildPhase;
			buildActionMask = 2147483647;
			files = (
			);
			runOnlyForDeploymentPostprocessing = 0;
		};
		8025C4BA2EC25EB7004DECAA /* Sources */ = {
			isa = PBXSourcesBuildPhase;
			buildActionMask = 2147483647;
			files = (
			);
			runOnlyForDeploymentPostprocessing = 0;
		};
		8025C4C42EC25EB8004DECAA /* Sources */ = {
			isa = PBXSourcesBuildPhase;
			buildActionMask = 2147483647;
			files = (
			);
			runOnlyForDeploymentPostprocessing = 0;
		};
		806715CB2F37337700D6EAB4 /* Sources */ = {
			isa = PBXSourcesBuildPhase;
			buildActionMask = 2147483647;
			files = (
			);
			runOnlyForDeploymentPostprocessing = 0;
		};
		80D81CC42EF4D8FA0020C88D /* Sources */ = {
			isa = PBXSourcesBuildPhase;
			buildActionMask = 2147483647;
			files = (
			);
			runOnlyForDeploymentPostprocessing = 0;
		};
		80D81CD72EF4D9230020C88D /* Sources */ = {
			isa = PBXSourcesBuildPhase;
			buildActionMask = 2147483647;
			files = (
			);
			runOnlyForDeploymentPostprocessing = 0;
		};
		80D9BD7A2F1A7E0300CDF8DC /* Sources */ = {
			isa = PBXSourcesBuildPhase;
			buildActionMask = 2147483647;
			files = (
			);
			runOnlyForDeploymentPostprocessing = 0;
		};
		80D9BD862F1A7E0400CDF8DC /* Sources */ = {
			isa = PBXSourcesBuildPhase;
			buildActionMask = 2147483647;
			files = (
			);
			runOnlyForDeploymentPostprocessing = 0;
		};
		80D9BD902F1A7E0400CDF8DC /* Sources */ = {
			isa = PBXSourcesBuildPhase;
			buildActionMask = 2147483647;
			files = (
			);
			runOnlyForDeploymentPostprocessing = 0;
		};
		80D9BE952F1B936500CDF8DC /* Sources */ = {
			isa = PBXSourcesBuildPhase;
			buildActionMask = 2147483647;
			files = (
			);
			runOnlyForDeploymentPostprocessing = 0;
		};
		80E886E42F39140900EA7B74 /* Sources */ = {
			isa = PBXSourcesBuildPhase;
			buildActionMask = 2147483647;
			files = (
			);
			runOnlyForDeploymentPostprocessing = 0;
		};
		A1F000010000000000000062 /* Sources */ = {
			isa = PBXSourcesBuildPhase;
			buildActionMask = 2147483647;
			files = (
			);
			runOnlyForDeploymentPostprocessing = 0;
		};
/* End PBXSourcesBuildPhase section */

/* Begin PBXTargetDependency section */
		8025C4C02EC25EB8004DECAA /* PBXTargetDependency */ = {
			isa = PBXTargetDependency;
			target = 8025C4B02EC25EB7004DECAA /* AiQo */;
			targetProxy = 8025C4BF2EC25EB8004DECAA /* PBXContainerItemProxy */;
		};
		8025C4CA2EC25EB8004DECAA /* PBXTargetDependency */ = {
			isa = PBXTargetDependency;
			target = 8025C4B02EC25EB7004DECAA /* AiQo */;
			targetProxy = 8025C4C92EC25EB8004DECAA /* PBXContainerItemProxy */;
		};
		806715E12F37337800D6EAB4 /* PBXTargetDependency */ = {
			isa = PBXTargetDependency;
			target = 806715CE2F37337700D6EAB4 /* AiQoWidgetExtension */;
			targetProxy = 806715E02F37337800D6EAB4 /* PBXContainerItemProxy */;
		};
		80D81CD12EF4D8FA0020C88D /* PBXTargetDependency */ = {
			isa = PBXTargetDependency;
			target = 80D81CC72EF4D8FA0020C88D /* AiQoMonitor */;
			targetProxy = 80D81CD02EF4D8FA0020C88D /* PBXContainerItemProxy */;
		};
		80D81CE62EF4D9230020C88D /* PBXTargetDependency */ = {
			isa = PBXTargetDependency;
			target = 80D81CDA2EF4D9230020C88D /* AiQoShield */;
			targetProxy = 80D81CE52EF4D9230020C88D /* PBXContainerItemProxy */;
		};
		80D9BD8C2F1A7E0400CDF8DC /* PBXTargetDependency */ = {
			isa = PBXTargetDependency;
			target = 80D9BD7D2F1A7E0300CDF8DC /* AiQoWatch Watch App */;
			targetProxy = 80D9BD8B2F1A7E0400CDF8DC /* PBXContainerItemProxy */;
		};
		80D9BD962F1A7E0400CDF8DC /* PBXTargetDependency */ = {
			isa = PBXTargetDependency;
			target = 80D9BD7D2F1A7E0300CDF8DC /* AiQoWatch Watch App */;
			targetProxy = 80D9BD952F1A7E0400CDF8DC /* PBXContainerItemProxy */;
		};
		80D9BD9D2F1A7E0400CDF8DC /* PBXTargetDependency */ = {
			isa = PBXTargetDependency;
			target = 80D9BD7D2F1A7E0300CDF8DC /* AiQoWatch Watch App */;
			targetProxy = 80D9BD9C2F1A7E0400CDF8DC /* PBXContainerItemProxy */;
		};
		A1F000010000000000000080 /* PBXTargetDependency */ = {
			isa = PBXTargetDependency;
			target = A1F000010000000000000070 /* AiQoWatchWidgetExtension */;
			targetProxy = A1F000010000000000000010 /* PBXContainerItemProxy */;
		};
/* End PBXTargetDependency section */

/* Begin XCBuildConfiguration section */
		8025C4D02EC25EB8004DECAA /* Debug */ = {
			isa = XCBuildConfiguration;
			buildSettings = {
				ALWAYS_SEARCH_USER_PATHS = NO;
				ASSETCATALOG_COMPILER_GENERATE_SWIFT_ASSET_SYMBOL_EXTENSIONS = YES;
				CLANG_ANALYZER_LOCALIZABILITY_NONLOCALIZED = YES;
				CLANG_ANALYZER_NONNULL = YES;
				CLANG_ANALYZER_NUMBER_OBJECT_CONVERSION = YES_AGGRESSIVE;
				CLANG_CXX_LANGUAGE_STANDARD = "gnu++20";
				CLANG_ENABLE_MODULES = YES;
				CLANG_ENABLE_OBJC_ARC = YES;
				CLANG_ENABLE_OBJC_WEAK = YES;
				CLANG_WARN_BLOCK_CAPTURE_AUTORELEASING = YES;
				CLANG_WARN_BOOL_CONVERSION = YES;
				CLANG_WARN_COMMA = YES;
				CLANG_WARN_CONSTANT_CONVERSION = YES;
				CLANG_WARN_DEPRECATED_OBJC_IMPLEMENTATIONS = YES;
				CLANG_WARN_DIRECT_OBJC_ISA_USAGE = YES_ERROR;
				CLANG_WARN_DOCUMENTATION_COMMENTS = YES;
				CLANG_WARN_EMPTY_BODY = YES;
				CLANG_WARN_ENUM_CONVERSION = YES;
				CLANG_WARN_INFINITE_RECURSION = YES;
				CLANG_WARN_INT_CONVERSION = YES;
				CLANG_WARN_NON_LITERAL_NULL_CONVERSION = YES;
				CLANG_WARN_OBJC_IMPLICIT_RETAIN_SELF = YES;
				CLANG_WARN_OBJC_LITERAL_CONVERSION = YES;
				CLANG_WARN_OBJC_ROOT_CLASS = YES_ERROR;
				CLANG_WARN_QUOTED_INCLUDE_IN_FRAMEWORK_HEADER = YES;
				CLANG_WARN_RANGE_LOOP_ANALYSIS = YES;
				CLANG_WARN_STRICT_PROTOTYPES = YES;
				CLANG_WARN_SUSPICIOUS_MOVE = YES;
				CLANG_WARN_UNGUARDED_AVAILABILITY = YES_AGGRESSIVE;
				CLANG_WARN_UNREACHABLE_CODE = YES;
				CLANG_WARN__DUPLICATE_METHOD_MATCH = YES;
				COPY_PHASE_STRIP = NO;
				DEBUG_INFORMATION_FORMAT = dwarf;
				DEVELOPMENT_TEAM = 65NCBC2455;
				ENABLE_STRICT_OBJC_MSGSEND = YES;
				ENABLE_TESTABILITY = YES;
				ENABLE_USER_SCRIPT_SANDBOXING = YES;
				EXTRACT_APP_INTENTS_METADATA = NO;
				GCC_C_LANGUAGE_STANDARD = gnu17;
				GCC_DYNAMIC_NO_PIC = NO;
				GCC_NO_COMMON_BLOCKS = YES;
				GCC_OPTIMIZATION_LEVEL = 0;
				GCC_PREPROCESSOR_DEFINITIONS = (
					"DEBUG=1",
					"$(inherited)",
				);
				GCC_WARN_64_TO_32_BIT_CONVERSION = YES;
				GCC_WARN_ABOUT_RETURN_TYPE = YES_ERROR;
				GCC_WARN_UNDECLARED_SELECTOR = YES;
				GCC_WARN_UNINITIALIZED_AUTOS = YES_AGGRESSIVE;
				GCC_WARN_UNUSED_FUNCTION = YES;
				GCC_WARN_UNUSED_VARIABLE = YES;
				GENERATE_INFOPLIST_FILE = NO;
				INFOPLIST_EXPAND_BUILD_SETTINGS = YES;
				IPHONEOS_DEPLOYMENT_TARGET = 26.1;
				LOCALIZATION_PREFERS_STRING_CATALOGS = YES;
				MTL_ENABLE_DEBUG_INFO = INCLUDE_SOURCE;
				MTL_FAST_MATH = YES;
				ONLY_ACTIVE_ARCH = YES;
				SDKROOT = iphoneos;
				STRING_CATALOG_GENERATE_SYMBOLS = YES;
				SWIFT_ACTIVE_COMPILATION_CONDITIONS = "DEBUG $(inherited)";
				SWIFT_OPTIMIZATION_LEVEL = "-Onone";
			};
			name = Debug;
		};
		8025C4D12EC25EB8004DECAA /* Release */ = {
			isa = XCBuildConfiguration;
			buildSettings = {
				ALWAYS_SEARCH_USER_PATHS = NO;
				ASSETCATALOG_COMPILER_GENERATE_SWIFT_ASSET_SYMBOL_EXTENSIONS = YES;
				CLANG_ANALYZER_LOCALIZABILITY_NONLOCALIZED = YES;
				CLANG_ANALYZER_NONNULL = YES;
				CLANG_ANALYZER_NUMBER_OBJECT_CONVERSION = YES_AGGRESSIVE;
				CLANG_CXX_LANGUAGE_STANDARD = "gnu++20";
				CLANG_ENABLE_MODULES = YES;
				CLANG_ENABLE_OBJC_ARC = YES;
				CLANG_ENABLE_OBJC_WEAK = YES;
				CLANG_WARN_BLOCK_CAPTURE_AUTORELEASING = YES;
				CLANG_WARN_BOOL_CONVERSION = YES;
				CLANG_WARN_COMMA = YES;
				CLANG_WARN_CONSTANT_CONVERSION = YES;
				CLANG_WARN_DEPRECATED_OBJC_IMPLEMENTATIONS = YES;
				CLANG_WARN_DIRECT_OBJC_ISA_USAGE = YES_ERROR;
				CLANG_WARN_DOCUMENTATION_COMMENTS = YES;
				CLANG_WARN_EMPTY_BODY = YES;
				CLANG_WARN_ENUM_CONVERSION = YES;
				CLANG_WARN_INFINITE_RECURSION = YES;
				CLANG_WARN_INT_CONVERSION = YES;
				CLANG_WARN_NON_LITERAL_NULL_CONVERSION = YES;
				CLANG_WARN_OBJC_IMPLICIT_RETAIN_SELF = YES;
				CLANG_WARN_OBJC_LITERAL_CONVERSION = YES;
				CLANG_WARN_OBJC_ROOT_CLASS = YES_ERROR;
				CLANG_WARN_QUOTED_INCLUDE_IN_FRAMEWORK_HEADER = YES;
				CLANG_WARN_RANGE_LOOP_ANALYSIS = YES;
				CLANG_WARN_STRICT_PROTOTYPES = YES;
				CLANG_WARN_SUSPICIOUS_MOVE = YES;
				CLANG_WARN_UNGUARDED_AVAILABILITY = YES_AGGRESSIVE;
				CLANG_WARN_UNREACHABLE_CODE = YES;
				CLANG_WARN__DUPLICATE_METHOD_MATCH = YES;
				COPY_PHASE_STRIP = NO;
				DEBUG_INFORMATION_FORMAT = "dwarf-with-dsym";
				DEVELOPMENT_TEAM = 65NCBC2455;
				ENABLE_NS_ASSERTIONS = NO;
				ENABLE_STRICT_OBJC_MSGSEND = YES;
				ENABLE_USER_SCRIPT_SANDBOXING = YES;
				EXTRACT_APP_INTENTS_METADATA = NO;
				GCC_C_LANGUAGE_STANDARD = gnu17;
				GCC_NO_COMMON_BLOCKS = YES;
				GCC_WARN_64_TO_32_BIT_CONVERSION = YES;
				GCC_WARN_ABOUT_RETURN_TYPE = YES_ERROR;
				GCC_WARN_UNDECLARED_SELECTOR = YES;
				GCC_WARN_UNINITIALIZED_AUTOS = YES_AGGRESSIVE;
				GCC_WARN_UNUSED_FUNCTION = YES;
				GCC_WARN_UNUSED_VARIABLE = YES;
				GENERATE_INFOPLIST_FILE = NO;
				INFOPLIST_EXPAND_BUILD_SETTINGS = YES;
				IPHONEOS_DEPLOYMENT_TARGET = 26.1;
				LOCALIZATION_PREFERS_STRING_CATALOGS = YES;
				MTL_ENABLE_DEBUG_INFO = NO;
				MTL_FAST_MATH = YES;
				SDKROOT = iphoneos;
				STRING_CATALOG_GENERATE_SYMBOLS = YES;
				SWIFT_COMPILATION_MODE = wholemodule;
				VALIDATE_PRODUCT = YES;
			};
			name = Release;
		};
		8025C4D32EC25EB8004DECAA /* Debug */ = {
			isa = XCBuildConfiguration;
			buildSettings = {
				ASSETCATALOG_COMPILER_APPICON_NAME = AppIcon;
				ASSETCATALOG_COMPILER_GLOBAL_ACCENT_COLOR_NAME = AccentColor;
				CODE_SIGN_ENTITLEMENTS = AiQo/AiQo.entitlements;
				CODE_SIGN_STYLE = Automatic;
				CURRENT_PROJECT_VERSION = 1;
				DEVELOPMENT_TEAM = 65NCBC2455;
				ENABLE_PREVIEWS = YES;
				FRAMEWORK_SEARCH_PATHS = (
					"$(inherited)",
					"$(PROJECT_DIR)/AiQo/Frameworks",
				);
				GENERATE_INFOPLIST_FILE = YES;
				INFOPLIST_FILE = AiQo/Info.plist;
				INFOPLIST_KEY_CFBundleDisplayName = AiQo;
				"INFOPLIST_KEY_CFBundleDisplayName[sdk=*]" = AiQo;
				INFOPLIST_KEY_LSApplicationCategoryType = "";
				INFOPLIST_KEY_NSAppleMusicUsageDescription = "We need access to play your music during workouts.";
				INFOPLIST_KEY_NSBluetoothPeripheralUsageDescription = "AiQo connects to heart rate sensors and fitness devices via Bluetooth.";
				INFOPLIST_KEY_NSCameraUsageDescription = "AiQo uses the camera for meal logging, barcode scanning, and progress photos.";
				INFOPLIST_KEY_NSHealthShareUsageDescription = "AiQo reads workouts and steps to give smart Captain coaching and reminders.";
				INFOPLIST_KEY_NSHealthUpdateUsageDescription = "AiQo writes workout and health updates to keep your progress synced.";
				INFOPLIST_KEY_NSHumanReadableCopyright = "";
				INFOPLIST_KEY_NSMotionUsageDescription = "AiQo uses motion data to calculate your steps and activity.";
				INFOPLIST_KEY_NSPhotoLibraryAddUsageDescription = "AiQo saves your edited progress photos to your library.";
				INFOPLIST_KEY_NSPhotoLibraryUsageDescription = "AiQo needs access to your photo library to pick progress photos.";
				INFOPLIST_KEY_NSSupportsLiveActivities = YES;
				INFOPLIST_KEY_UIApplicationSupportsIndirectInputEvents = YES;
				INFOPLIST_KEY_UILaunchScreen_Generation = YES;
				INFOPLIST_KEY_UISupportedInterfaceOrientations_iPad = "UIInterfaceOrientationPortrait UIInterfaceOrientationPortraitUpsideDown UIInterfaceOrientationLandscapeLeft UIInterfaceOrientationLandscapeRight";
				INFOPLIST_KEY_UISupportedInterfaceOrientations_iPhone = "UIInterfaceOrientationPortrait UIInterfaceOrientationLandscapeLeft UIInterfaceOrientationLandscapeRight";
				IPHONEOS_DEPLOYMENT_TARGET = 26.2;
				LD_RUNPATH_SEARCH_PATHS = (
					"$(inherited)",
					"@executable_path/Frameworks",
				);
				MARKETING_VERSION = 1.0;
				PRODUCT_BUNDLE_IDENTIFIER = com.mraad500.aiqo;
				PRODUCT_NAME = "$(TARGET_NAME)";
				STRING_CATALOG_GENERATE_SYMBOLS = YES;
				SWIFT_APPROACHABLE_CONCURRENCY = YES;
				SWIFT_DEFAULT_ACTOR_ISOLATION = MainActor;
				SWIFT_EMIT_LOC_STRINGS = YES;
				SWIFT_UPCOMING_FEATURE_MEMBER_IMPORT_VISIBILITY = YES;
				SWIFT_VERSION = 5.0;
				TARGETED_DEVICE_FAMILY = "1,2";
			};
			name = Debug;
		};
		8025C4D42EC25EB8004DECAA /* Release */ = {
			isa = XCBuildConfiguration;
			buildSettings = {
				ASSETCATALOG_COMPILER_APPICON_NAME = AppIcon;
				ASSETCATALOG_COMPILER_GLOBAL_ACCENT_COLOR_NAME = AccentColor;
				CODE_SIGN_ENTITLEMENTS = AiQo/AiQo.entitlements;
				CODE_SIGN_STYLE = Automatic;
				CURRENT_PROJECT_VERSION = 1;
				DEVELOPMENT_TEAM = 65NCBC2455;
				ENABLE_PREVIEWS = YES;
				FRAMEWORK_SEARCH_PATHS = (
					"$(inherited)",
					"$(PROJECT_DIR)/AiQo/Frameworks",
				);
				GENERATE_INFOPLIST_FILE = YES;
				INFOPLIST_FILE = AiQo/Info.plist;
				INFOPLIST_KEY_CFBundleDisplayName = AiQo;
				"INFOPLIST_KEY_CFBundleDisplayName[sdk=*]" = AiQo;
				INFOPLIST_KEY_LSApplicationCategoryType = "";
				INFOPLIST_KEY_NSAppleMusicUsageDescription = "We need access to play your music during workouts.";
				INFOPLIST_KEY_NSBluetoothPeripheralUsageDescription = "AiQo connects to heart rate sensors and fitness devices via Bluetooth.";
				INFOPLIST_KEY_NSCameraUsageDescription = "AiQo uses the camera for meal logging, barcode scanning, and progress photos.";
				INFOPLIST_KEY_NSHealthShareUsageDescription = "AiQo reads workouts and steps to give smart Captain coaching and reminders.";
				INFOPLIST_KEY_NSHealthUpdateUsageDescription = "AiQo writes workout and health updates to keep your progress synced.";
				INFOPLIST_KEY_NSHumanReadableCopyright = "";
				INFOPLIST_KEY_NSMotionUsageDescription = "AiQo uses motion data to calculate your steps and activity.";
				INFOPLIST_KEY_NSPhotoLibraryAddUsageDescription = "AiQo saves your edited progress photos to your library.";
				INFOPLIST_KEY_NSPhotoLibraryUsageDescription = "AiQo needs access to your photo library to pick progress photos.";
				INFOPLIST_KEY_NSSupportsLiveActivities = YES;
				INFOPLIST_KEY_UIApplicationSupportsIndirectInputEvents = YES;
				INFOPLIST_KEY_UILaunchScreen_Generation = YES;
				INFOPLIST_KEY_UISupportedInterfaceOrientations_iPad = "UIInterfaceOrientationPortrait UIInterfaceOrientationPortraitUpsideDown UIInterfaceOrientationLandscapeLeft UIInterfaceOrientationLandscapeRight";
				INFOPLIST_KEY_UISupportedInterfaceOrientations_iPhone = "UIInterfaceOrientationPortrait UIInterfaceOrientationLandscapeLeft UIInterfaceOrientationLandscapeRight";
				IPHONEOS_DEPLOYMENT_TARGET = 26.2;
				LD_RUNPATH_SEARCH_PATHS = (
					"$(inherited)",
					"@executable_path/Frameworks",
				);
				MARKETING_VERSION = 1.0;
				PRODUCT_BUNDLE_IDENTIFIER = com.mraad500.aiqo;
				PRODUCT_NAME = "$(TARGET_NAME)";
				STRING_CATALOG_GENERATE_SYMBOLS = YES;
				SWIFT_APPROACHABLE_CONCURRENCY = YES;
				SWIFT_DEFAULT_ACTOR_ISOLATION = MainActor;
				SWIFT_EMIT_LOC_STRINGS = YES;
				SWIFT_UPCOMING_FEATURE_MEMBER_IMPORT_VISIBILITY = YES;
				SWIFT_VERSION = 5.0;
				TARGETED_DEVICE_FAMILY = "1,2";
			};
			name = Release;
		};
		8025C4D62EC25EB8004DECAA /* Debug */ = {
			isa = XCBuildConfiguration;
			buildSettings = {
				BUNDLE_LOADER = "$(TEST_HOST)";
				CODE_SIGN_STYLE = Automatic;
				CURRENT_PROJECT_VERSION = 1;
				DEVELOPMENT_TEAM = 65NCBC2455;
				GENERATE_INFOPLIST_FILE = YES;
				IPHONEOS_DEPLOYMENT_TARGET = 26.2;
				MARKETING_VERSION = 1.0;
				PRODUCT_BUNDLE_IDENTIFIER = AiQo.AiQoTests;
				PRODUCT_NAME = "$(TARGET_NAME)";
				STRING_CATALOG_GENERATE_SYMBOLS = NO;
				SWIFT_APPROACHABLE_CONCURRENCY = YES;
				SWIFT_EMIT_LOC_STRINGS = NO;
				SWIFT_UPCOMING_FEATURE_MEMBER_IMPORT_VISIBILITY = YES;
				SWIFT_VERSION = 5.0;
				TARGETED_DEVICE_FAMILY = "1,2";
				TEST_HOST = "$(BUILT_PRODUCTS_DIR)/AiQo.app/$(BUNDLE_EXECUTABLE_FOLDER_PATH)/AiQo";
			};
			name = Debug;
		};
		8025C4D72EC25EB8004DECAA /* Release */ = {
			isa = XCBuildConfiguration;
			buildSettings = {
				BUNDLE_LOADER = "$(TEST_HOST)";
				CODE_SIGN_STYLE = Automatic;
				CURRENT_PROJECT_VERSION = 1;
				DEVELOPMENT_TEAM = 65NCBC2455;
				GENERATE_INFOPLIST_FILE = YES;
				IPHONEOS_DEPLOYMENT_TARGET = 26.2;
				MARKETING_VERSION = 1.0;
				PRODUCT_BUNDLE_IDENTIFIER = AiQo.AiQoTests;
				PRODUCT_NAME = "$(TARGET_NAME)";
				STRING_CATALOG_GENERATE_SYMBOLS = NO;
				SWIFT_APPROACHABLE_CONCURRENCY = YES;
				SWIFT_EMIT_LOC_STRINGS = NO;
				SWIFT_UPCOMING_FEATURE_MEMBER_IMPORT_VISIBILITY = YES;
				SWIFT_VERSION = 5.0;
				TARGETED_DEVICE_FAMILY = "1,2";
				TEST_HOST = "$(BUILT_PRODUCTS_DIR)/AiQo.app/$(BUNDLE_EXECUTABLE_FOLDER_PATH)/AiQo";
			};
			name = Release;
		};
		8025C4D92EC25EB8004DECAA /* Debug */ = {
			isa = XCBuildConfiguration;
			buildSettings = {
				CODE_SIGN_STYLE = Automatic;
				CURRENT_PROJECT_VERSION = 1;
				DEVELOPMENT_TEAM = 65NCBC2455;
				GENERATE_INFOPLIST_FILE = YES;
				IPHONEOS_DEPLOYMENT_TARGET = 26.2;
				MARKETING_VERSION = 1.0;
				PRODUCT_BUNDLE_IDENTIFIER = AiQo.AiQoUITests;
				PRODUCT_NAME = "$(TARGET_NAME)";
				STRING_CATALOG_GENERATE_SYMBOLS = NO;
				SWIFT_APPROACHABLE_CONCURRENCY = YES;
				SWIFT_EMIT_LOC_STRINGS = NO;
				SWIFT_UPCOMING_FEATURE_MEMBER_IMPORT_VISIBILITY = YES;
				SWIFT_VERSION = 5.0;
				TARGETED_DEVICE_FAMILY = "1,2";
				TEST_TARGET_NAME = AiQo;
			};
			name = Debug;
		};
		8025C4DA2EC25EB8004DECAA /* Release */ = {
			isa = XCBuildConfiguration;
			buildSettings = {
				CODE_SIGN_STYLE = Automatic;
				CURRENT_PROJECT_VERSION = 1;
				DEVELOPMENT_TEAM = 65NCBC2455;
				GENERATE_INFOPLIST_FILE = YES;
				IPHONEOS_DEPLOYMENT_TARGET = 26.2;
				MARKETING_VERSION = 1.0;
				PRODUCT_BUNDLE_IDENTIFIER = AiQo.AiQoUITests;
				PRODUCT_NAME = "$(TARGET_NAME)";
				STRING_CATALOG_GENERATE_SYMBOLS = NO;
				SWIFT_APPROACHABLE_CONCURRENCY = YES;
				SWIFT_EMIT_LOC_STRINGS = NO;
				SWIFT_UPCOMING_FEATURE_MEMBER_IMPORT_VISIBILITY = YES;
				SWIFT_VERSION = 5.0;
				TARGETED_DEVICE_FAMILY = "1,2";
				TEST_TARGET_NAME = AiQo;
			};
			name = Release;
		};
		806715E42F37337800D6EAB4 /* Debug */ = {
			isa = XCBuildConfiguration;
			buildSettings = {
				ASSETCATALOG_COMPILER_GLOBAL_ACCENT_COLOR_NAME = AccentColor;
				ASSETCATALOG_COMPILER_WIDGET_BACKGROUND_COLOR_NAME = WidgetBackground;
				CODE_SIGN_ENTITLEMENTS = AiQoWidgetExtension.entitlements;
				CODE_SIGN_STYLE = Automatic;
				CURRENT_PROJECT_VERSION = 1;
				DEVELOPMENT_TEAM = 65NCBC2455;
				GENERATE_INFOPLIST_FILE = YES;
				INFOPLIST_FILE = AiQoWidget/Info.plist;
				INFOPLIST_KEY_CFBundleDisplayName = AiQoWidget;
				INFOPLIST_KEY_NSHumanReadableCopyright = "";
				IPHONEOS_DEPLOYMENT_TARGET = 26.2;
				LD_RUNPATH_SEARCH_PATHS = (
					"$(inherited)",
					"@executable_path/Frameworks",
					"@executable_path/../../Frameworks",
				);
				MARKETING_VERSION = 1.0;
				PRODUCT_BUNDLE_IDENTIFIER = com.mraad500.aiqo.AiQoWidget;
				PRODUCT_NAME = "$(TARGET_NAME)";
				SKIP_INSTALL = YES;
				STRING_CATALOG_GENERATE_SYMBOLS = YES;
				SWIFT_APPROACHABLE_CONCURRENCY = YES;
				SWIFT_EMIT_LOC_STRINGS = YES;
				SWIFT_UPCOMING_FEATURE_MEMBER_IMPORT_VISIBILITY = YES;
				SWIFT_VERSION = 5.0;
				TARGETED_DEVICE_FAMILY = "1,2";
			};
			name = Debug;
		};
		806715E52F37337800D6EAB4 /* Release */ = {
			isa = XCBuildConfiguration;
			buildSettings = {
				ASSETCATALOG_COMPILER_GLOBAL_ACCENT_COLOR_NAME = AccentColor;
				ASSETCATALOG_COMPILER_WIDGET_BACKGROUND_COLOR_NAME = WidgetBackground;
				CODE_SIGN_ENTITLEMENTS = AiQoWidgetExtension.entitlements;
				CODE_SIGN_STYLE = Automatic;
				CURRENT_PROJECT_VERSION = 1;
				DEVELOPMENT_TEAM = 65NCBC2455;
				GENERATE_INFOPLIST_FILE = YES;
				INFOPLIST_FILE = AiQoWidget/Info.plist;
				INFOPLIST_KEY_CFBundleDisplayName = AiQoWidget;
				INFOPLIST_KEY_NSHumanReadableCopyright = "";
				IPHONEOS_DEPLOYMENT_TARGET = 26.2;
				LD_RUNPATH_SEARCH_PATHS = (
					"$(inherited)",
					"@executable_path/Frameworks",
					"@executable_path/../../Frameworks",
				);
				MARKETING_VERSION = 1.0;
				PRODUCT_BUNDLE_IDENTIFIER = com.mraad500.aiqo.AiQoWidget;
				PRODUCT_NAME = "$(TARGET_NAME)";
				SKIP_INSTALL = YES;
				STRING_CATALOG_GENERATE_SYMBOLS = YES;
				SWIFT_APPROACHABLE_CONCURRENCY = YES;
				SWIFT_EMIT_LOC_STRINGS = YES;
				SWIFT_UPCOMING_FEATURE_MEMBER_IMPORT_VISIBILITY = YES;
				SWIFT_VERSION = 5.0;
				TARGETED_DEVICE_FAMILY = "1,2";
			};
			name = Release;
		};
		80D81CD42EF4D8FA0020C88D /* Debug */ = {
			isa = XCBuildConfiguration;
			buildSettings = {
				CODE_SIGN_ENTITLEMENTS = AiQoMonitor/AiQoMonitor.entitlements;
				CODE_SIGN_STYLE = Automatic;
				CURRENT_PROJECT_VERSION = 1;
				DEVELOPMENT_TEAM = 65NCBC2455;
				GENERATE_INFOPLIST_FILE = YES;
				INFOPLIST_FILE = AiQoMonitor/Info.plist;
				INFOPLIST_KEY_CFBundleDisplayName = AiQoMonitor;
				INFOPLIST_KEY_NSHumanReadableCopyright = "";
				IPHONEOS_DEPLOYMENT_TARGET = 26.2;
				LD_RUNPATH_SEARCH_PATHS = (
					"$(inherited)",
					"@executable_path/Frameworks",
					"@executable_path/../../Frameworks",
				);
				MARKETING_VERSION = 1.0;
				PRODUCT_BUNDLE_IDENTIFIER = com.mraad500.aiqo.monitor;
				PRODUCT_NAME = "$(TARGET_NAME)";
				SKIP_INSTALL = YES;
				STRING_CATALOG_GENERATE_SYMBOLS = YES;
				SWIFT_APPROACHABLE_CONCURRENCY = YES;
				SWIFT_EMIT_LOC_STRINGS = YES;
				SWIFT_UPCOMING_FEATURE_MEMBER_IMPORT_VISIBILITY = YES;
				SWIFT_VERSION = 5.0;
				TARGETED_DEVICE_FAMILY = "1,2";
			};
			name = Debug;
		};
		80D81CD52EF4D8FA0020C88D /* Release */ = {
			isa = XCBuildConfiguration;
			buildSettings = {
				CODE_SIGN_ENTITLEMENTS = AiQoMonitor/AiQoMonitor.entitlements;
				CODE_SIGN_STYLE = Automatic;
				CURRENT_PROJECT_VERSION = 1;
				DEVELOPMENT_TEAM = 65NCBC2455;
				GENERATE_INFOPLIST_FILE = YES;
				INFOPLIST_FILE = AiQoMonitor/Info.plist;
				INFOPLIST_KEY_CFBundleDisplayName = AiQoMonitor;
				INFOPLIST_KEY_NSHumanReadableCopyright = "";
				IPHONEOS_DEPLOYMENT_TARGET = 26.2;
				LD_RUNPATH_SEARCH_PATHS = (
					"$(inherited)",
					"@executable_path/Frameworks",
					"@executable_path/../../Frameworks",
				);
				MARKETING_VERSION = 1.0;
				PRODUCT_BUNDLE_IDENTIFIER = com.mraad500.aiqo.monitor;
				PRODUCT_NAME = "$(TARGET_NAME)";
				SKIP_INSTALL = YES;
				STRING_CATALOG_GENERATE_SYMBOLS = YES;
				SWIFT_APPROACHABLE_CONCURRENCY = YES;
				SWIFT_EMIT_LOC_STRINGS = YES;
				SWIFT_UPCOMING_FEATURE_MEMBER_IMPORT_VISIBILITY = YES;
				SWIFT_VERSION = 5.0;
				TARGETED_DEVICE_FAMILY = "1,2";
			};
			name = Release;
		};
		80D81CE92EF4D9230020C88D /* Debug */ = {
			isa = XCBuildConfiguration;
			buildSettings = {
				CODE_SIGN_ENTITLEMENTS = AiQoShield/AiQoShield.entitlements;
				CODE_SIGN_STYLE = Automatic;
				CURRENT_PROJECT_VERSION = 1;
				DEVELOPMENT_TEAM = 65NCBC2455;
				GENERATE_INFOPLIST_FILE = YES;
				INFOPLIST_FILE = AiQoShield/Info.plist;
				INFOPLIST_KEY_CFBundleDisplayName = AiQoShield;
				INFOPLIST_KEY_NSHumanReadableCopyright = "";
				IPHONEOS_DEPLOYMENT_TARGET = 26.2;
				LD_RUNPATH_SEARCH_PATHS = (
					"$(inherited)",
					"@executable_path/Frameworks",
					"@executable_path/../../Frameworks",
				);
				MARKETING_VERSION = 1.0;
				PRODUCT_BUNDLE_IDENTIFIER = com.mraad500.aiqo.shield;
				PRODUCT_NAME = "$(TARGET_NAME)";
				SKIP_INSTALL = YES;
				STRING_CATALOG_GENERATE_SYMBOLS = YES;
				SWIFT_APPROACHABLE_CONCURRENCY = YES;
				SWIFT_EMIT_LOC_STRINGS = YES;
				SWIFT_UPCOMING_FEATURE_MEMBER_IMPORT_VISIBILITY = YES;
				SWIFT_VERSION = 5.0;
				TARGETED_DEVICE_FAMILY = "1,2";
			};
			name = Debug;
		};
		80D81CEA2EF4D9230020C88D /* Release */ = {
			isa = XCBuildConfiguration;
			buildSettings = {
				CODE_SIGN_ENTITLEMENTS = AiQoShield/AiQoShield.entitlements;
				CODE_SIGN_STYLE = Automatic;
				CURRENT_PROJECT_VERSION = 1;
				DEVELOPMENT_TEAM = 65NCBC2455;
				GENERATE_INFOPLIST_FILE = YES;
				INFOPLIST_FILE = AiQoShield/Info.plist;
				INFOPLIST_KEY_CFBundleDisplayName = AiQoShield;
				INFOPLIST_KEY_NSHumanReadableCopyright = "";
				IPHONEOS_DEPLOYMENT_TARGET = 26.2;
				LD_RUNPATH_SEARCH_PATHS = (
					"$(inherited)",
					"@executable_path/Frameworks",
					"@executable_path/../../Frameworks",
				);
				MARKETING_VERSION = 1.0;
				PRODUCT_BUNDLE_IDENTIFIER = com.mraad500.aiqo.shield;
				PRODUCT_NAME = "$(TARGET_NAME)";
				SKIP_INSTALL = YES;
				STRING_CATALOG_GENERATE_SYMBOLS = YES;
				SWIFT_APPROACHABLE_CONCURRENCY = YES;
				SWIFT_EMIT_LOC_STRINGS = YES;
				SWIFT_UPCOMING_FEATURE_MEMBER_IMPORT_VISIBILITY = YES;
				SWIFT_VERSION = 5.0;
				TARGETED_DEVICE_FAMILY = "1,2";
			};
			name = Release;
		};
		80D9BDA02F1A7E0400CDF8DC /* Debug */ = {
			isa = XCBuildConfiguration;
			buildSettings = {
				ASSETCATALOG_COMPILER_APPICON_NAME = AppIcon;
				ASSETCATALOG_COMPILER_GLOBAL_ACCENT_COLOR_NAME = AccentColor;
				CODE_SIGN_ENTITLEMENTS = "AiQoWatch Watch App/AiQoWatch Watch App.entitlements";
				CODE_SIGN_STYLE = Automatic;
				CURRENT_PROJECT_VERSION = 1;
				DEVELOPMENT_TEAM = 65NCBC2455;
				ENABLE_PREVIEWS = YES;
				GENERATE_INFOPLIST_FILE = YES;
				INFOPLIST_FILE = "AiQoWatch-Watch-App-Info.plist";
				INFOPLIST_KEY_CFBundleDisplayName = AiQoWatch;
				INFOPLIST_KEY_NSHealthShareUsageDescription = "AiQo reads your activity, sleep, water and workout data to personalize your daily plan.";
				INFOPLIST_KEY_NSHealthUpdateUsageDescription = "AiQo writes your workouts and water intake to Health to keep your progress in one place.";
				INFOPLIST_KEY_UISupportedInterfaceOrientations = "UIInterfaceOrientationPortrait UIInterfaceOrientationPortraitUpsideDown";
				INFOPLIST_KEY_WKCompanionAppBundleIdentifier = com.mraad500.aiqo;
				LD_RUNPATH_SEARCH_PATHS = (
					"$(inherited)",
					"@executable_path/Frameworks",
				);
				MARKETING_VERSION = 1.0;
				PRODUCT_BUNDLE_IDENTIFIER = com.mraad500.aiqo.watchkitapp;
				PRODUCT_NAME = "$(TARGET_NAME)";
				SDKROOT = watchos;
				SKIP_INSTALL = YES;
				STRING_CATALOG_GENERATE_SYMBOLS = YES;
				SWIFT_APPROACHABLE_CONCURRENCY = YES;
				SWIFT_DEFAULT_ACTOR_ISOLATION = MainActor;
				SWIFT_EMIT_LOC_STRINGS = YES;
				SWIFT_UPCOMING_FEATURE_MEMBER_IMPORT_VISIBILITY = YES;
				SWIFT_VERSION = 5.0;
				TARGETED_DEVICE_FAMILY = 4;
				WATCHOS_DEPLOYMENT_TARGET = 26.2;
			};
			name = Debug;
		};
		80D9BDA12F1A7E0400CDF8DC /* Release */ = {
			isa = XCBuildConfiguration;
			buildSettings = {
				ASSETCATALOG_COMPILER_APPICON_NAME = AppIcon;
				ASSETCATALOG_COMPILER_GLOBAL_ACCENT_COLOR_NAME = AccentColor;
				CODE_SIGN_ENTITLEMENTS = "AiQoWatch Watch App/AiQoWatch Watch App.entitlements";
				CODE_SIGN_STYLE = Automatic;
				CURRENT_PROJECT_VERSION = 1;
				DEVELOPMENT_TEAM = 65NCBC2455;
				ENABLE_PREVIEWS = YES;
				GENERATE_INFOPLIST_FILE = YES;
				INFOPLIST_FILE = "AiQoWatch-Watch-App-Info.plist";
				INFOPLIST_KEY_CFBundleDisplayName = AiQoWatch;
				INFOPLIST_KEY_NSHealthShareUsageDescription = "AiQo reads your activity, sleep, water and workout data to personalize your daily plan.";
				INFOPLIST_KEY_NSHealthUpdateUsageDescription = "AiQo writes your workouts and water intake to Health to keep your progress in one place.";
				INFOPLIST_KEY_UISupportedInterfaceOrientations = "UIInterfaceOrientationPortrait UIInterfaceOrientationPortraitUpsideDown";
				INFOPLIST_KEY_WKCompanionAppBundleIdentifier = com.mraad500.aiqo;
				LD_RUNPATH_SEARCH_PATHS = (
					"$(inherited)",
					"@executable_path/Frameworks",
				);
				MARKETING_VERSION = 1.0;
				PRODUCT_BUNDLE_IDENTIFIER = com.mraad500.aiqo.watchkitapp;
				PRODUCT_NAME = "$(TARGET_NAME)";
				SDKROOT = watchos;
				SKIP_INSTALL = YES;
				STRING_CATALOG_GENERATE_SYMBOLS = YES;
				SWIFT_APPROACHABLE_CONCURRENCY = YES;
				SWIFT_DEFAULT_ACTOR_ISOLATION = MainActor;
				SWIFT_EMIT_LOC_STRINGS = YES;
				SWIFT_UPCOMING_FEATURE_MEMBER_IMPORT_VISIBILITY = YES;
				SWIFT_VERSION = 5.0;
				TARGETED_DEVICE_FAMILY = 4;
				WATCHOS_DEPLOYMENT_TARGET = 26.2;
			};
			name = Release;
		};
		80D9BDA32F1A7E0400CDF8DC /* Debug */ = {
			isa = XCBuildConfiguration;
			buildSettings = {
				BUNDLE_LOADER = "$(TEST_HOST)";
				CODE_SIGN_STYLE = Automatic;
				CURRENT_PROJECT_VERSION = 1;
				DEVELOPMENT_TEAM = 65NCBC2455;
				GENERATE_INFOPLIST_FILE = YES;
				MARKETING_VERSION = 1.0;
				PRODUCT_BUNDLE_IDENTIFIER = "com.mohammed.AiQoWatch-Watch-AppTests";
				PRODUCT_NAME = "$(TARGET_NAME)";
				SDKROOT = watchos;
				STRING_CATALOG_GENERATE_SYMBOLS = NO;
				SWIFT_APPROACHABLE_CONCURRENCY = YES;
				SWIFT_EMIT_LOC_STRINGS = NO;
				SWIFT_UPCOMING_FEATURE_MEMBER_IMPORT_VISIBILITY = YES;
				SWIFT_VERSION = 5.0;
				TARGETED_DEVICE_FAMILY = 4;
				TEST_HOST = "$(BUILT_PRODUCTS_DIR)/AiQoWatch Watch App.app/$(BUNDLE_EXECUTABLE_FOLDER_PATH)/AiQoWatch Watch App";
				WATCHOS_DEPLOYMENT_TARGET = 26.2;
			};
			name = Debug;
		};
		80D9BDA42F1A7E0400CDF8DC /* Release */ = {
			isa = XCBuildConfiguration;
			buildSettings = {
				BUNDLE_LOADER = "$(TEST_HOST)";
				CODE_SIGN_STYLE = Automatic;
				CURRENT_PROJECT_VERSION = 1;
				DEVELOPMENT_TEAM = 65NCBC2455;
				GENERATE_INFOPLIST_FILE = YES;
				MARKETING_VERSION = 1.0;
				PRODUCT_BUNDLE_IDENTIFIER = "com.mohammed.AiQoWatch-Watch-AppTests";
				PRODUCT_NAME = "$(TARGET_NAME)";
				SDKROOT = watchos;
				STRING_CATALOG_GENERATE_SYMBOLS = NO;
				SWIFT_APPROACHABLE_CONCURRENCY = YES;
				SWIFT_EMIT_LOC_STRINGS = NO;
				SWIFT_UPCOMING_FEATURE_MEMBER_IMPORT_VISIBILITY = YES;
				SWIFT_VERSION = 5.0;
				TARGETED_DEVICE_FAMILY = 4;
				TEST_HOST = "$(BUILT_PRODUCTS_DIR)/AiQoWatch Watch App.app/$(BUNDLE_EXECUTABLE_FOLDER_PATH)/AiQoWatch Watch App";
				WATCHOS_DEPLOYMENT_TARGET = 26.2;
			};
			name = Release;
		};
		80D9BDA62F1A7E0400CDF8DC /* Debug */ = {
			isa = XCBuildConfiguration;
			buildSettings = {
				CODE_SIGN_STYLE = Automatic;
				CURRENT_PROJECT_VERSION = 1;
				DEVELOPMENT_TEAM = 65NCBC2455;
				GENERATE_INFOPLIST_FILE = YES;
				MARKETING_VERSION = 1.0;
				PRODUCT_BUNDLE_IDENTIFIER = "com.mohammed.AiQoWatch-Watch-AppUITests";
				PRODUCT_NAME = "$(TARGET_NAME)";
				SDKROOT = watchos;
				STRING_CATALOG_GENERATE_SYMBOLS = NO;
				SWIFT_APPROACHABLE_CONCURRENCY = YES;
				SWIFT_EMIT_LOC_STRINGS = NO;
				SWIFT_UPCOMING_FEATURE_MEMBER_IMPORT_VISIBILITY = YES;
				SWIFT_VERSION = 5.0;
				TARGETED_DEVICE_FAMILY = 4;
				TEST_TARGET_NAME = "AiQoWatch Watch App";
				WATCHOS_DEPLOYMENT_TARGET = 26.2;
			};
			name = Debug;
		};
		80D9BDA72F1A7E0400CDF8DC /* Release */ = {
			isa = XCBuildConfiguration;
			buildSettings = {
				CODE_SIGN_STYLE = Automatic;
				CURRENT_PROJECT_VERSION = 1;
				DEVELOPMENT_TEAM = 65NCBC2455;
				GENERATE_INFOPLIST_FILE = YES;
				MARKETING_VERSION = 1.0;
				PRODUCT_BUNDLE_IDENTIFIER = "com.mohammed.AiQoWatch-Watch-AppUITests";
				PRODUCT_NAME = "$(TARGET_NAME)";
				SDKROOT = watchos;
				STRING_CATALOG_GENERATE_SYMBOLS = NO;
				SWIFT_APPROACHABLE_CONCURRENCY = YES;
				SWIFT_EMIT_LOC_STRINGS = NO;
				SWIFT_UPCOMING_FEATURE_MEMBER_IMPORT_VISIBILITY = YES;
				SWIFT_VERSION = 5.0;
				TARGETED_DEVICE_FAMILY = 4;
				TEST_TARGET_NAME = "AiQoWatch Watch App";
				WATCHOS_DEPLOYMENT_TARGET = 26.2;
			};
			name = Release;
		};
		80D9BEAE2F1B936600CDF8DC /* Debug */ = {
			isa = XCBuildConfiguration;
			buildSettings = {
				ASSETCATALOG_COMPILER_GLOBAL_ACCENT_COLOR_NAME = AccentColor;
				ASSETCATALOG_COMPILER_WIDGET_BACKGROUND_COLOR_NAME = WidgetBackground;
				CODE_SIGN_STYLE = Automatic;
				CURRENT_PROJECT_VERSION = 1;
				DEVELOPMENT_TEAM = 65NCBC2455;
				GENERATE_INFOPLIST_FILE = YES;
				INFOPLIST_FILE = "";
				INFOPLIST_KEY_CFBundleDisplayName = AiQoWorkoutLiveAttributes;
				INFOPLIST_KEY_NSHumanReadableCopyright = "";
				IPHONEOS_DEPLOYMENT_TARGET = 26.2;
				LD_RUNPATH_SEARCH_PATHS = (
					"$(inherited)",
					"@executable_path/Frameworks",
					"@executable_path/../../Frameworks",
					"@executable_path/../../../../Frameworks",
				);
				MARKETING_VERSION = 1.0;
				PRODUCT_BUNDLE_IDENTIFIER = com.mraad500.aiqo.watchkitapp.AiQoWorkoutLiveAttributes;
				PRODUCT_NAME = "$(TARGET_NAME)";
				SDKROOT = iphoneos;
				SKIP_INSTALL = YES;
				STRING_CATALOG_GENERATE_SYMBOLS = YES;
				SWIFT_APPROACHABLE_CONCURRENCY = YES;
				SWIFT_EMIT_LOC_STRINGS = YES;
				SWIFT_UPCOMING_FEATURE_MEMBER_IMPORT_VISIBILITY = YES;
				SWIFT_VERSION = 5.0;
				TARGETED_DEVICE_FAMILY = "1,2";
			};
			name = Debug;
		};
		80D9BEAF2F1B936600CDF8DC /* Release */ = {
			isa = XCBuildConfiguration;
			buildSettings = {
				ASSETCATALOG_COMPILER_GLOBAL_ACCENT_COLOR_NAME = AccentColor;
				ASSETCATALOG_COMPILER_WIDGET_BACKGROUND_COLOR_NAME = WidgetBackground;
				CODE_SIGN_STYLE = Automatic;
				CURRENT_PROJECT_VERSION = 1;
				DEVELOPMENT_TEAM = 65NCBC2455;
				GENERATE_INFOPLIST_FILE = YES;
				INFOPLIST_FILE = "";
				INFOPLIST_KEY_CFBundleDisplayName = AiQoWorkoutLiveAttributes;
				INFOPLIST_KEY_NSHumanReadableCopyright = "";
				IPHONEOS_DEPLOYMENT_TARGET = 26.2;
				LD_RUNPATH_SEARCH_PATHS = (
					"$(inherited)",
					"@executable_path/Frameworks",
					"@executable_path/../../Frameworks",
					"@executable_path/../../../../Frameworks",
				);
				MARKETING_VERSION = 1.0;
				PRODUCT_BUNDLE_IDENTIFIER = com.mraad500.aiqo.watchkitapp.AiQoWorkoutLiveAttributes;
				PRODUCT_NAME = "$(TARGET_NAME)";
				SDKROOT = iphoneos;
				SKIP_INSTALL = YES;
				STRING_CATALOG_GENERATE_SYMBOLS = YES;
				SWIFT_APPROACHABLE_CONCURRENCY = YES;
				SWIFT_EMIT_LOC_STRINGS = YES;
				SWIFT_UPCOMING_FEATURE_MEMBER_IMPORT_VISIBILITY = YES;
				SWIFT_VERSION = 5.0;
				TARGETED_DEVICE_FAMILY = "1,2";
			};
			name = Release;
		};
		80E886EF2F39140900EA7B74 /* Debug */ = {
			isa = XCBuildConfiguration;
			buildSettings = {
				CODE_SIGN_ENTITLEMENTS = AiQoWatchWidgetExtension.entitlements;
				CODE_SIGN_STYLE = Automatic;
				CURRENT_PROJECT_VERSION = 1;
				DEVELOPMENT_TEAM = 65NCBC2455;
				GENERATE_INFOPLIST_FILE = YES;
				INFOPLIST_FILE = AiQoWatchWidget/Info.plist;
				INFOPLIST_KEY_CFBundleDisplayName = AiQoRings;
				INFOPLIST_KEY_NSHumanReadableCopyright = "";
				LD_RUNPATH_SEARCH_PATHS = (
					"$(inherited)",
					"@executable_path/Frameworks",
					"@executable_path/../../Frameworks",
					"@executable_path/../../../../Frameworks",
				);
				MARKETING_VERSION = 1.0;
				PRODUCT_BUNDLE_IDENTIFIER = com.mraad500.aiqo.watchkitapp.AiQoWatchWidget;
				PRODUCT_NAME = "$(TARGET_NAME)";
				SDKROOT = watchos;
				SKIP_INSTALL = YES;
				STRING_CATALOG_GENERATE_SYMBOLS = YES;
				SWIFT_APPROACHABLE_CONCURRENCY = YES;
				SWIFT_EMIT_LOC_STRINGS = YES;
				SWIFT_UPCOMING_FEATURE_MEMBER_IMPORT_VISIBILITY = YES;
				SWIFT_VERSION = 5.0;
				TARGETED_DEVICE_FAMILY = 4;
				WATCHOS_DEPLOYMENT_TARGET = 26.2;
			};
			name = Debug;
		};
		80E886F02F39140900EA7B74 /* Release */ = {
			isa = XCBuildConfiguration;
			buildSettings = {
				CODE_SIGN_ENTITLEMENTS = AiQoWatchWidgetExtension.entitlements;
				CODE_SIGN_STYLE = Automatic;
				CURRENT_PROJECT_VERSION = 1;
				DEVELOPMENT_TEAM = 65NCBC2455;
				GENERATE_INFOPLIST_FILE = YES;
				INFOPLIST_FILE = AiQoWatchWidget/Info.plist;
				INFOPLIST_KEY_CFBundleDisplayName = AiQoRings;
				INFOPLIST_KEY_NSHumanReadableCopyright = "";
				LD_RUNPATH_SEARCH_PATHS = (
					"$(inherited)",
					"@executable_path/Frameworks",
					"@executable_path/../../Frameworks",
					"@executable_path/../../../../Frameworks",
				);
				MARKETING_VERSION = 1.0;
				PRODUCT_BUNDLE_IDENTIFIER = com.mraad500.aiqo.watchkitapp.AiQoWatchWidget;
				PRODUCT_NAME = "$(TARGET_NAME)";
				SDKROOT = watchos;
				SKIP_INSTALL = YES;
				STRING_CATALOG_GENERATE_SYMBOLS = YES;
				SWIFT_APPROACHABLE_CONCURRENCY = YES;
				SWIFT_EMIT_LOC_STRINGS = YES;
				SWIFT_UPCOMING_FEATURE_MEMBER_IMPORT_VISIBILITY = YES;
				SWIFT_VERSION = 5.0;
				TARGETED_DEVICE_FAMILY = 4;
				WATCHOS_DEPLOYMENT_TARGET = 26.2;
			};
			name = Release;
		};
/* End XCBuildConfiguration section */

/* Begin XCConfigurationList section */
		8025C4AC2EC25EB7004DECAA /* Build configuration list for PBXProject "AiQo" */ = {
			isa = XCConfigurationList;
			buildConfigurations = (
				8025C4D02EC25EB8004DECAA /* Debug */,
				8025C4D12EC25EB8004DECAA /* Release */,
			);
			defaultConfigurationIsVisible = 0;
			defaultConfigurationName = Release;
		};
		8025C4D22EC25EB8004DECAA /* Build configuration list for PBXNativeTarget "AiQo" */ = {
			isa = XCConfigurationList;
			buildConfigurations = (
				8025C4D32EC25EB8004DECAA /* Debug */,
				8025C4D42EC25EB8004DECAA /* Release */,
			);
			defaultConfigurationIsVisible = 0;
			defaultConfigurationName = Release;
		};
		8025C4D52EC25EB8004DECAA /* Build configuration list for PBXNativeTarget "AiQoTests" */ = {
			isa = XCConfigurationList;
			buildConfigurations = (
				8025C4D62EC25EB8004DECAA /* Debug */,
				8025C4D72EC25EB8004DECAA /* Release */,
			);
			defaultConfigurationIsVisible = 0;
			defaultConfigurationName = Release;
		};
		8025C4D82EC25EB8004DECAA /* Build configuration list for PBXNativeTarget "AiQoUITests" */ = {
			isa = XCConfigurationList;
			buildConfigurations = (
				8025C4D92EC25EB8004DECAA /* Debug */,
				8025C4DA2EC25EB8004DECAA /* Release */,
			);
			defaultConfigurationIsVisible = 0;
			defaultConfigurationName = Release;
		};
		806715E32F37337800D6EAB4 /* Build configuration list for PBXNativeTarget "AiQoWidgetExtension" */ = {
			isa = XCConfigurationList;
			buildConfigurations = (
				806715E42F37337800D6EAB4 /* Debug */,
				806715E52F37337800D6EAB4 /* Release */,
			);
			defaultConfigurationIsVisible = 0;
			defaultConfigurationName = Release;
		};
		80D81CD32EF4D8FA0020C88D /* Build configuration list for PBXNativeTarget "AiQoMonitor" */ = {
			isa = XCConfigurationList;
			buildConfigurations = (
				80D81CD42EF4D8FA0020C88D /* Debug */,
				80D81CD52EF4D8FA0020C88D /* Release */,
			);
			defaultConfigurationIsVisible = 0;
			defaultConfigurationName = Release;
		};
		80D81CE82EF4D9230020C88D /* Build configuration list for PBXNativeTarget "AiQoShield" */ = {
			isa = XCConfigurationList;
			buildConfigurations = (
				80D81CE92EF4D9230020C88D /* Debug */,
				80D81CEA2EF4D9230020C88D /* Release */,
			);
			defaultConfigurationIsVisible = 0;
			defaultConfigurationName = Release;
		};
		80D9BD9F2F1A7E0400CDF8DC /* Build configuration list for PBXNativeTarget "AiQoWatch Watch App" */ = {
			isa = XCConfigurationList;
			buildConfigurations = (
				80D9BDA02F1A7E0400CDF8DC /* Debug */,
				80D9BDA12F1A7E0400CDF8DC /* Release */,
			);
			defaultConfigurationIsVisible = 0;
			defaultConfigurationName = Release;
		};
		80D9BDA22F1A7E0400CDF8DC /* Build configuration list for PBXNativeTarget "AiQoWatch Watch AppTests" */ = {
			isa = XCConfigurationList;
			buildConfigurations = (
				80D9BDA32F1A7E0400CDF8DC /* Debug */,
				80D9BDA42F1A7E0400CDF8DC /* Release */,
			);
			defaultConfigurationIsVisible = 0;
			defaultConfigurationName = Release;
		};
		80D9BDA52F1A7E0400CDF8DC /* Build configuration list for PBXNativeTarget "AiQoWatch Watch AppUITests" */ = {
			isa = XCConfigurationList;
			buildConfigurations = (
				80D9BDA62F1A7E0400CDF8DC /* Debug */,
				80D9BDA72F1A7E0400CDF8DC /* Release */,
			);
			defaultConfigurationIsVisible = 0;
			defaultConfigurationName = Release;
		};
		80D9BEAD2F1B936600CDF8DC /* Build configuration list for PBXNativeTarget "AiQoWorkoutLiveAttributesExtension" */ = {
			isa = XCConfigurationList;
			buildConfigurations = (
				80D9BEAE2F1B936600CDF8DC /* Debug */,
				80D9BEAF2F1B936600CDF8DC /* Release */,
			);
			defaultConfigurationIsVisible = 0;
			defaultConfigurationName = Release;
		};
		80E886F32F39142500EA7B74 /* Build configuration list for PBXNativeTarget "Watch Widget Extension" */ = {
			isa = XCConfigurationList;
			buildConfigurations = (
				80E886EF2F39140900EA7B74 /* Debug */,
				80E886F02F39140900EA7B74 /* Release */,
			);
			defaultConfigurationIsVisible = 0;
			defaultConfigurationName = Release;
		};
/* End XCConfigurationList section */

/* Begin XCRemoteSwiftPackageReference section */
		8025C5252EC26574004DECAA /* XCRemoteSwiftPackageReference "supabase-swift" */ = {
			isa = XCRemoteSwiftPackageReference;
			repositoryURL = "https://github.com/supabase-community/supabase-swift";
			requirement = {
				kind = upToNextMajorVersion;
				minimumVersion = 2.5.1;
			};
		};
		80E88B6C2F3BE66400EA7B74 /* XCRemoteSwiftPackageReference "SDWebImageSwiftUI" */ = {
			isa = XCRemoteSwiftPackageReference;
			repositoryURL = "https://github.com/SDWebImage/SDWebImageSwiftUI";
			requirement = {
				kind = upToNextMajorVersion;
				minimumVersion = 3.1.4;
			};
		};
/* End XCRemoteSwiftPackageReference section */

/* Begin XCSwiftPackageProductDependency section */
		8025C5272EC26585004DECAA /* Supabase */ = {
			isa = XCSwiftPackageProductDependency;
			package = 8025C5252EC26574004DECAA /* XCRemoteSwiftPackageReference "supabase-swift" */;
			productName = Supabase;
		};
		80E88B6D2F3BE76500EA7B74 /* SDWebImageSwiftUI */ = {
			isa = XCSwiftPackageProductDependency;
			package = 80E88B6C2F3BE66400EA7B74 /* XCRemoteSwiftPackageReference "SDWebImageSwiftUI" */;
			productName = SDWebImageSwiftUI;
		};
		80E88B6F2F3BE7BC00EA7B74 /* SDWebImageSwiftUI */ = {
			isa = XCSwiftPackageProductDependency;
			package = 80E88B6C2F3BE66400EA7B74 /* XCRemoteSwiftPackageReference "SDWebImageSwiftUI" */;
			productName = SDWebImageSwiftUI;
		};
/* End XCSwiftPackageProductDependency section */
	};
	rootObject = 8025C4A92EC25EB7004DECAA /* Project object */;
}
